PODS:
  - QRCodeReaderViewController (4.0.2)
  - vcx (1.4.0)

DEPENDENCIES:
  - QRCodeReaderViewController
  - vcx (from `../../../vcx.podspec`)

SPEC REPOS:
  https://github.com/CocoaPods/Specs.git:
    - QRCodeReaderViewController

EXTERNAL SOURCES:
  vcx:
    :path: "../../../vcx.podspec"

SPEC CHECKSUMS:
  QRCodeReaderViewController: e8f27d035b3e72b1d4b1c61ff66458287e3be0ff
  vcx: 6ed1ec0bf4b7e18d73c9832d2e0972a604b9f679

PODFILE CHECKSUM: 81ec363c23da46840c70380807ada2c775c84041

COCOAPODS: 1.10.0
