// !$*UTF8*$!
{
	archiveVersion = 1;
	classes = {
	};
	objectVersion = 51;
	objects = {

/* Begin PBXBuildFile section */
		009CA565B275F28DA17BE1AF /* Pods_MSDKSampleAppSwiftUITests.framework in Frameworks */ = {isa = PBXBuildFile; fileRef = EE39F86E1369336BF8CC1B7F /* Pods_MSDKSampleAppSwiftUITests.framework */; };
		8EAE24B02282058F00F49443 /* AppDelegate.swift in Sources */ = {isa = PBXBuildFile; fileRef = 8EAE24AF2282058F00F49443 /* AppDelegate.swift */; };
		8EAE24B52282058F00F49443 /* Main.storyboard in Resources */ = {isa = PBXBuildFile; fileRef = 8EAE24B32282058F00F49443 /* Main.storyboard */; };
		8EAE24B72282059000F49443 /* Assets.xcassets in Resources */ = {isa = PBXBuildFile; fileRef = 8EAE24B62282059000F49443 /* Assets.xcassets */; };
		8EAE24BA2282059000F49443 /* LaunchScreen.storyboard in Resources */ = {isa = PBXBuildFile; fileRef = 8EAE24B82282059000F49443 /* LaunchScreen.storyboard */; };
		8EAE24C52282059000F49443 /* MSDKSampleAppSwiftTests.swift in Sources */ = {isa = PBXBuildFile; fileRef = 8EAE24C42282059000F49443 /* MSDKSampleAppSwiftTests.swift */; };
		8EAE24D02282059000F49443 /* MSDKSampleAppSwiftUITests.swift in Sources */ = {isa = PBXBuildFile; fileRef = 8EAE24CF2282059000F49443 /* MSDKSampleAppSwiftUITests.swift */; };
		9061502F400CB159988A8DEC /* Pods_MSDKSampleAppSwift.framework in Frameworks */ = {isa = PBXBuildFile; fileRef = 9CC81D6750BB40612659144E /* Pods_MSDKSampleAppSwift.framework */; };
		AAD4B57E25CB69710009588A /* CustomTableViewCell.xib in Resources */ = {isa = PBXBuildFile; fileRef = AAD4B57C25CB69710009588A /* CustomTableViewCell.xib */; };
		AAD4B58B25CB70480009588A /* GoogleService-Info.plist in Resources */ = {isa = PBXBuildFile; fileRef = AAD4B58925CB70480009588A /* GoogleService-Info.plist */; };
		AAD4B58C25CB70480009588A /* GoogleService-InfoTemplate.plist in Resources */ = {isa = PBXBuildFile; fileRef = AAD4B58A25CB70480009588A /* GoogleService-InfoTemplate.plist */; };
		D9819331A13CA444841403A3 /* Pods_MSDKSampleAppSwiftTests.framework in Frameworks */ = {isa = PBXBuildFile; fileRef = 9105B9DE7478F32F4956B671 /* Pods_MSDKSampleAppSwiftTests.framework */; };
		DD00E1F5269482120050BC88 /* HomeViewController.swift in Sources */ = {isa = PBXBuildFile; fileRef = DD00E1F4269482120050BC88 /* HomeViewController.swift */; };
		DD00E1F72694822C0050BC88 /* HistoryViewController.swift in Sources */ = {isa = PBXBuildFile; fileRef = DD00E1F62694822C0050BC88 /* HistoryViewController.swift */; };
		DD00E1FB2695F7C00050BC88 /* CustomTableViewCell.swift in Sources */ = {isa = PBXBuildFile; fileRef = DD00E1FA2695F7C00050BC88 /* CustomTableViewCell.swift */; };
		DD725D08273936E80040CCD6 /* Config.m in Sources */ = {isa = PBXBuildFile; fileRef = DD725CEC273936E80040CCD6 /* Config.m */; };
		DD725D09273936E80040CCD6 /* MobileSDK.m in Sources */ = {isa = PBXBuildFile; fileRef = DD725CED273936E80040CCD6 /* MobileSDK.m */; };
		DD725D0A273936E80040CCD6 /* ConnectionHandler.m in Sources */ = {isa = PBXBuildFile; fileRef = DD725CEE273936E80040CCD6 /* ConnectionHandler.m */; };
		DD725D0B273936E80040CCD6 /* Log.m in Sources */ = {isa = PBXBuildFile; fileRef = DD725CF0273936E80040CCD6 /* Log.m */; };
		DD725D0C273936E80040CCD6 /* LocalStorage.m in Sources */ = {isa = PBXBuildFile; fileRef = DD725CF1273936E80040CCD6 /* LocalStorage.m */; };
		DD725D0D273936E80040CCD6 /* Utilities.m in Sources */ = {isa = PBXBuildFile; fileRef = DD725CF5273936E80040CCD6 /* Utilities.m */; };
		DD725D0E273936E80040CCD6 /* Initialization.m in Sources */ = {isa = PBXBuildFile; fileRef = DD725CF9273936E80040CCD6 /* Initialization.m */; };
		DD725D0F273936E80040CCD6 /* Credential.m in Sources */ = {isa = PBXBuildFile; fileRef = DD725CFA273936E80040CCD6 /* Credential.m */; };
		DD725D10273936E80040CCD6 /* ProofRequest.m in Sources */ = {isa = PBXBuildFile; fileRef = DD725CFB273936E80040CCD6 /* ProofRequest.m */; };
		DD725D11273936E80040CCD6 /* Connection.m in Sources */ = {isa = PBXBuildFile; fileRef = DD725CFE273936E80040CCD6 /* Connection.m */; };
		DD725D12273936E80040CCD6 /* Message.m in Sources */ = {isa = PBXBuildFile; fileRef = DD725D01273936E80040CCD6 /* Message.m */; };
		DD725D13273936E80040CCD6 /* ConnectionInvitation.m in Sources */ = {isa = PBXBuildFile; fileRef = DD725D04273936E80040CCD6 /* ConnectionInvitation.m */; };
		DD725D14273936E80040CCD6 /* CredentialOffer.m in Sources */ = {isa = PBXBuildFile; fileRef = DD725D05273936E80040CCD6 /* CredentialOffer.m */; };
		DD725D2A273BE9530040CCD6 /* ProofRequestsHandler.m in Sources */ = {isa = PBXBuildFile; fileRef = DD725D26273BE9520040CCD6 /* ProofRequestsHandler.m */; };
		DD725D2B273BE9530040CCD6 /* CredentialOffersHandler.m in Sources */ = {isa = PBXBuildFile; fileRef = DD725D27273BE9520040CCD6 /* CredentialOffersHandler.m */; };
		DD725D2E273BE9620040CCD6 /* Proof.m in Sources */ = {isa = PBXBuildFile; fileRef = DD725D2D273BE9620040CCD6 /* Proof.m */; };
/* End PBXBuildFile section */

/* Begin PBXContainerItemProxy section */
		8EAE24C12282059000F49443 /* PBXContainerItemProxy */ = {
			isa = PBXContainerItemProxy;
			containerPortal = 8EAE24A42282058F00F49443 /* Project object */;
			proxyType = 1;
			remoteGlobalIDString = 8EAE24AB2282058F00F49443;
			remoteInfo = MSDKSampleAppSwift;
		};
		8EAE24CC2282059000F49443 /* PBXContainerItemProxy */ = {
			isa = PBXContainerItemProxy;
			containerPortal = 8EAE24A42282058F00F49443 /* Project object */;
			proxyType = 1;
			remoteGlobalIDString = 8EAE24AB2282058F00F49443;
			remoteInfo = MSDKSampleAppSwift;
		};
/* End PBXContainerItemProxy section */

/* Begin PBXFileReference section */
		50ED8487CF4A61B112C84978 /* Pods-MSDKSampleAppSwift.debug.xcconfig */ = {isa = PBXFileReference; includeInIndex = 1; lastKnownFileType = text.xcconfig; name = "Pods-MSDKSampleAppSwift.debug.xcconfig"; path = "Target Support Files/Pods-MSDKSampleAppSwift/Pods-MSDKSampleAppSwift.debug.xcconfig"; sourceTree = "<group>"; };
		7ECB14E160EFF4B087AE2E3F /* Pods-MSDKSampleAppSwiftTests.release.xcconfig */ = {isa = PBXFileReference; includeInIndex = 1; lastKnownFileType = text.xcconfig; name = "Pods-MSDKSampleAppSwiftTests.release.xcconfig"; path = "Target Support Files/Pods-MSDKSampleAppSwiftTests/Pods-MSDKSampleAppSwiftTests.release.xcconfig"; sourceTree = "<group>"; };
		8EAE24AC2282058F00F49443 /* MSDKSampleAppSwift.app */ = {isa = PBXFileReference; explicitFileType = wrapper.application; includeInIndex = 0; path = MSDKSampleAppSwift.app; sourceTree = BUILT_PRODUCTS_DIR; };
		8EAE24AF2282058F00F49443 /* AppDelegate.swift */ = {isa = PBXFileReference; lastKnownFileType = sourcecode.swift; path = AppDelegate.swift; sourceTree = "<group>"; };
		8EAE24B42282058F00F49443 /* Base */ = {isa = PBXFileReference; lastKnownFileType = file.storyboard; name = Base; path = Base.lproj/Main.storyboard; sourceTree = "<group>"; };
		8EAE24B62282059000F49443 /* Assets.xcassets */ = {isa = PBXFileReference; lastKnownFileType = folder.assetcatalog; path = Assets.xcassets; sourceTree = "<group>"; };
		8EAE24B92282059000F49443 /* Base */ = {isa = PBXFileReference; lastKnownFileType = file.storyboard; name = Base; path = Base.lproj/LaunchScreen.storyboard; sourceTree = "<group>"; };
		8EAE24BB2282059000F49443 /* Info.plist */ = {isa = PBXFileReference; lastKnownFileType = text.plist.xml; path = Info.plist; sourceTree = "<group>"; };
		8EAE24C02282059000F49443 /* MSDKSampleAppSwiftTests.xctest */ = {isa = PBXFileReference; explicitFileType = wrapper.cfbundle; includeInIndex = 0; path = MSDKSampleAppSwiftTests.xctest; sourceTree = BUILT_PRODUCTS_DIR; };
		8EAE24C42282059000F49443 /* MSDKSampleAppSwiftTests.swift */ = {isa = PBXFileReference; lastKnownFileType = sourcecode.swift; path = MSDKSampleAppSwiftTests.swift; sourceTree = "<group>"; };
		8EAE24C62282059000F49443 /* Info.plist */ = {isa = PBXFileReference; lastKnownFileType = text.plist.xml; path = Info.plist; sourceTree = "<group>"; };
		8EAE24CB2282059000F49443 /* MSDKSampleAppSwiftUITests.xctest */ = {isa = PBXFileReference; explicitFileType = wrapper.cfbundle; includeInIndex = 0; path = MSDKSampleAppSwiftUITests.xctest; sourceTree = BUILT_PRODUCTS_DIR; };
		8EAE24CF2282059000F49443 /* MSDKSampleAppSwiftUITests.swift */ = {isa = PBXFileReference; lastKnownFileType = sourcecode.swift; path = MSDKSampleAppSwiftUITests.swift; sourceTree = "<group>"; };
		8EAE24D12282059000F49443 /* Info.plist */ = {isa = PBXFileReference; lastKnownFileType = text.plist.xml; path = Info.plist; sourceTree = "<group>"; };
		9105B9DE7478F32F4956B671 /* Pods_MSDKSampleAppSwiftTests.framework */ = {isa = PBXFileReference; explicitFileType = wrapper.framework; includeInIndex = 0; path = Pods_MSDKSampleAppSwiftTests.framework; sourceTree = BUILT_PRODUCTS_DIR; };
		9CC81D6750BB40612659144E /* Pods_MSDKSampleAppSwift.framework */ = {isa = PBXFileReference; explicitFileType = wrapper.framework; includeInIndex = 0; path = Pods_MSDKSampleAppSwift.framework; sourceTree = BUILT_PRODUCTS_DIR; };
		9E4569DF189DD7DD9AE7F83F /* Pods-MSDKSampleAppSwiftTests.debug.xcconfig */ = {isa = PBXFileReference; includeInIndex = 1; lastKnownFileType = text.xcconfig; name = "Pods-MSDKSampleAppSwiftTests.debug.xcconfig"; path = "Target Support Files/Pods-MSDKSampleAppSwiftTests/Pods-MSDKSampleAppSwiftTests.debug.xcconfig"; sourceTree = "<group>"; };
		AAD4B57C25CB69710009588A /* CustomTableViewCell.xib */ = {isa = PBXFileReference; lastKnownFileType = file.xib; path = CustomTableViewCell.xib; sourceTree = "<group>"; };
		AAD4B58925CB70480009588A /* GoogleService-Info.plist */ = {isa = PBXFileReference; fileEncoding = 4; lastKnownFileType = text.plist.xml; path = "GoogleService-Info.plist"; sourceTree = "<group>"; };
		AAD4B58A25CB70480009588A /* GoogleService-InfoTemplate.plist */ = {isa = PBXFileReference; fileEncoding = 4; lastKnownFileType = text.plist.xml; path = "GoogleService-InfoTemplate.plist"; sourceTree = "<group>"; };
		AAD4B59025CB70600009588A /* MSDKSampleAppSwift.entitlements */ = {isa = PBXFileReference; lastKnownFileType = text.plist.entitlements; path = MSDKSampleAppSwift.entitlements; sourceTree = "<group>"; };
		CA90A929B298B48B6CFDBA0B /* Pods-MSDKSampleAppSwift.release.xcconfig */ = {isa = PBXFileReference; includeInIndex = 1; lastKnownFileType = text.xcconfig; name = "Pods-MSDKSampleAppSwift.release.xcconfig"; path = "Target Support Files/Pods-MSDKSampleAppSwift/Pods-MSDKSampleAppSwift.release.xcconfig"; sourceTree = "<group>"; };
		DD00E1F4269482120050BC88 /* HomeViewController.swift */ = {isa = PBXFileReference; lastKnownFileType = sourcecode.swift; path = HomeViewController.swift; sourceTree = "<group>"; };
		DD00E1F62694822C0050BC88 /* HistoryViewController.swift */ = {isa = PBXFileReference; lastKnownFileType = sourcecode.swift; path = HistoryViewController.swift; sourceTree = "<group>"; };
		DD00E1F8269482600050BC88 /* MSDKSampleAppSwift-Prefix.pch */ = {isa = PBXFileReference; lastKnownFileType = sourcecode.c.h; path = "MSDKSampleAppSwift-Prefix.pch"; sourceTree = "<group>"; };
		DD00E1FA2695F7C00050BC88 /* CustomTableViewCell.swift */ = {isa = PBXFileReference; lastKnownFileType = sourcecode.swift; path = CustomTableViewCell.swift; sourceTree = "<group>"; };
		DD725CE9273936E80040CCD6 /* MobileSDK.h */ = {isa = PBXFileReference; fileEncoding = 4; lastKnownFileType = sourcecode.c.h; path = MobileSDK.h; sourceTree = "<group>"; };
		DD725CEA273936E80040CCD6 /* Config.h */ = {isa = PBXFileReference; fileEncoding = 4; lastKnownFileType = sourcecode.c.h; path = Config.h; sourceTree = "<group>"; };
		DD725CEC273936E80040CCD6 /* Config.m */ = {isa = PBXFileReference; fileEncoding = 4; lastKnownFileType = sourcecode.c.objc; path = Config.m; sourceTree = "<group>"; };
		DD725CED273936E80040CCD6 /* MobileSDK.m */ = {isa = PBXFileReference; fileEncoding = 4; lastKnownFileType = sourcecode.c.objc; path = MobileSDK.m; sourceTree = "<group>"; };
		DD725CEE273936E80040CCD6 /* ConnectionHandler.m */ = {isa = PBXFileReference; fileEncoding = 4; lastKnownFileType = sourcecode.c.objc; path = ConnectionHandler.m; sourceTree = "<group>"; };
		DD725CF0273936E80040CCD6 /* Log.m */ = {isa = PBXFileReference; fileEncoding = 4; lastKnownFileType = sourcecode.c.objc; path = Log.m; sourceTree = "<group>"; };
		DD725CF1273936E80040CCD6 /* LocalStorage.m */ = {isa = PBXFileReference; fileEncoding = 4; lastKnownFileType = sourcecode.c.objc; path = LocalStorage.m; sourceTree = "<group>"; };
		DD725CF2273936E80040CCD6 /* Utilities.h */ = {isa = PBXFileReference; fileEncoding = 4; lastKnownFileType = sourcecode.c.h; path = Utilities.h; sourceTree = "<group>"; };
		DD725CF3273936E80040CCD6 /* Log.h */ = {isa = PBXFileReference; fileEncoding = 4; lastKnownFileType = sourcecode.c.h; path = Log.h; sourceTree = "<group>"; };
		DD725CF4273936E80040CCD6 /* LocalStorage.h */ = {isa = PBXFileReference; fileEncoding = 4; lastKnownFileType = sourcecode.c.h; path = LocalStorage.h; sourceTree = "<group>"; };
		DD725CF5273936E80040CCD6 /* Utilities.m */ = {isa = PBXFileReference; fileEncoding = 4; lastKnownFileType = sourcecode.c.objc; path = Utilities.m; sourceTree = "<group>"; };
		DD725CF6273936E80040CCD6 /* ConnectionHandler.h */ = {isa = PBXFileReference; fileEncoding = 4; lastKnownFileType = sourcecode.c.h; path = ConnectionHandler.h; sourceTree = "<group>"; };
		DD725CF8273936E80040CCD6 /* Connection.h */ = {isa = PBXFileReference; fileEncoding = 4; lastKnownFileType = sourcecode.c.h; path = Connection.h; sourceTree = "<group>"; };
		DD725CF9273936E80040CCD6 /* Initialization.m */ = {isa = PBXFileReference; fileEncoding = 4; lastKnownFileType = sourcecode.c.objc; path = Initialization.m; sourceTree = "<group>"; };
		DD725CFA273936E80040CCD6 /* Credential.m */ = {isa = PBXFileReference; fileEncoding = 4; lastKnownFileType = sourcecode.c.objc; path = Credential.m; sourceTree = "<group>"; };
		DD725CFB273936E80040CCD6 /* ProofRequest.m */ = {isa = PBXFileReference; fileEncoding = 4; lastKnownFileType = sourcecode.c.objc; path = ProofRequest.m; sourceTree = "<group>"; };
		DD725CFC273936E80040CCD6 /* Message.h */ = {isa = PBXFileReference; fileEncoding = 4; lastKnownFileType = sourcecode.c.h; path = Message.h; sourceTree = "<group>"; };
		DD725CFD273936E80040CCD6 /* Initialization.h */ = {isa = PBXFileReference; fileEncoding = 4; lastKnownFileType = sourcecode.c.h; path = Initialization.h; sourceTree = "<group>"; };
		DD725CFE273936E80040CCD6 /* Connection.m */ = {isa = PBXFileReference; fileEncoding = 4; lastKnownFileType = sourcecode.c.objc; path = Connection.m; sourceTree = "<group>"; };
		DD725CFF273936E80040CCD6 /* ProofRequest.h */ = {isa = PBXFileReference; fileEncoding = 4; lastKnownFileType = sourcecode.c.h; path = ProofRequest.h; sourceTree = "<group>"; };
		DD725D00273936E80040CCD6 /* Credential.h */ = {isa = PBXFileReference; fileEncoding = 4; lastKnownFileType = sourcecode.c.h; path = Credential.h; sourceTree = "<group>"; };
		DD725D01273936E80040CCD6 /* Message.m */ = {isa = PBXFileReference; fileEncoding = 4; lastKnownFileType = sourcecode.c.objc; path = Message.m; sourceTree = "<group>"; };
		DD725D03273936E80040CCD6 /* CredentialOffer.h */ = {isa = PBXFileReference; fileEncoding = 4; lastKnownFileType = sourcecode.c.h; path = CredentialOffer.h; sourceTree = "<group>"; };
		DD725D04273936E80040CCD6 /* ConnectionInvitation.m */ = {isa = PBXFileReference; fileEncoding = 4; lastKnownFileType = sourcecode.c.objc; path = ConnectionInvitation.m; sourceTree = "<group>"; };
		DD725D05273936E80040CCD6 /* CredentialOffer.m */ = {isa = PBXFileReference; fileEncoding = 4; lastKnownFileType = sourcecode.c.objc; path = CredentialOffer.m; sourceTree = "<group>"; };
		DD725D06273936E80040CCD6 /* ConnectionInvitation.h */ = {isa = PBXFileReference; fileEncoding = 4; lastKnownFileType = sourcecode.c.h; path = ConnectionInvitation.h; sourceTree = "<group>"; };
		DD725D1727393B640040CCD6 /* MSDKSampleAppSwift-Bridging-Header.h */ = {isa = PBXFileReference; fileEncoding = 4; lastKnownFileType = sourcecode.c.h; name = "MSDKSampleAppSwift-Bridging-Header.h"; path = "MSDKSampleAppSwift/MSDKSampleAppSwift-Bridging-Header.h"; sourceTree = SOURCE_ROOT; };
		DD725D26273BE9520040CCD6 /* ProofRequestsHandler.m */ = {isa = PBXFileReference; fileEncoding = 4; lastKnownFileType = sourcecode.c.objc; path = ProofRequestsHandler.m; sourceTree = "<group>"; };
		DD725D27273BE9520040CCD6 /* CredentialOffersHandler.m */ = {isa = PBXFileReference; fileEncoding = 4; lastKnownFileType = sourcecode.c.objc; path = CredentialOffersHandler.m; sourceTree = "<group>"; };
		DD725D28273BE9530040CCD6 /* CredentialOffersHandler.h */ = {isa = PBXFileReference; fileEncoding = 4; lastKnownFileType = sourcecode.c.h; path = CredentialOffersHandler.h; sourceTree = "<group>"; };
		DD725D29273BE9530040CCD6 /* ProofRequestsHandler.h */ = {isa = PBXFileReference; fileEncoding = 4; lastKnownFileType = sourcecode.c.h; path = ProofRequestsHandler.h; sourceTree = "<group>"; };
		DD725D2C273BE9620040CCD6 /* Proof.h */ = {isa = PBXFileReference; fileEncoding = 4; lastKnownFileType = sourcecode.c.h; path = Proof.h; sourceTree = "<group>"; };
		DD725D2D273BE9620040CCD6 /* Proof.m */ = {isa = PBXFileReference; fileEncoding = 4; lastKnownFileType = sourcecode.c.objc; path = Proof.m; sourceTree = "<group>"; };
		EE39F86E1369336BF8CC1B7F /* Pods_MSDKSampleAppSwiftUITests.framework */ = {isa = PBXFileReference; explicitFileType = wrapper.framework; includeInIndex = 0; path = Pods_MSDKSampleAppSwiftUITests.framework; sourceTree = BUILT_PRODUCTS_DIR; };
		EF9C7F8E62A6B0756092BDC9 /* Pods-MSDKSampleAppSwiftUITests.release.xcconfig */ = {isa = PBXFileReference; includeInIndex = 1; lastKnownFileType = text.xcconfig; name = "Pods-MSDKSampleAppSwiftUITests.release.xcconfig"; path = "Target Support Files/Pods-MSDKSampleAppSwiftUITests/Pods-MSDKSampleAppSwiftUITests.release.xcconfig"; sourceTree = "<group>"; };
		FE446544BA23DF319B26C6C3 /* Pods-MSDKSampleAppSwiftUITests.debug.xcconfig */ = {isa = PBXFileReference; includeInIndex = 1; lastKnownFileType = text.xcconfig; name = "Pods-MSDKSampleAppSwiftUITests.debug.xcconfig"; path = "Target Support Files/Pods-MSDKSampleAppSwiftUITests/Pods-MSDKSampleAppSwiftUITests.debug.xcconfig"; sourceTree = "<group>"; };
/* End PBXFileReference section */

/* Begin PBXFrameworksBuildPhase section */
		8EAE24A92282058F00F49443 /* Frameworks */ = {
			isa = PBXFrameworksBuildPhase;
			buildActionMask = 2147483647;
			files = (
				9061502F400CB159988A8DEC /* Pods_MSDKSampleAppSwift.framework in Frameworks */,
			);
			runOnlyForDeploymentPostprocessing = 0;
		};
		8EAE24BD2282059000F49443 /* Frameworks */ = {
			isa = PBXFrameworksBuildPhase;
			buildActionMask = 2147483647;
			files = (
				D9819331A13CA444841403A3 /* Pods_MSDKSampleAppSwiftTests.framework in Frameworks */,
			);
			runOnlyForDeploymentPostprocessing = 0;
		};
		8EAE24C82282059000F49443 /* Frameworks */ = {
			isa = PBXFrameworksBuildPhase;
			buildActionMask = 2147483647;
			files = (
				009CA565B275F28DA17BE1AF /* Pods_MSDKSampleAppSwiftUITests.framework in Frameworks */,
			);
			runOnlyForDeploymentPostprocessing = 0;
		};
/* End PBXFrameworksBuildPhase section */

/* Begin PBXGroup section */
		4714CB2348256B16F59D1FB4 /* Frameworks */ = {
			isa = PBXGroup;
			children = (
				9CC81D6750BB40612659144E /* Pods_MSDKSampleAppSwift.framework */,
				9105B9DE7478F32F4956B671 /* Pods_MSDKSampleAppSwiftTests.framework */,
				EE39F86E1369336BF8CC1B7F /* Pods_MSDKSampleAppSwiftUITests.framework */,
			);
			name = Frameworks;
			sourceTree = "<group>";
		};
		8EAE24A32282058F00F49443 = {
			isa = PBXGroup;
			children = (
				8EAE24AE2282058F00F49443 /* MSDKSampleAppSwift */,
				8EAE24C32282059000F49443 /* MSDKSampleAppSwiftTests */,
				8EAE24CE2282059000F49443 /* MSDKSampleAppSwiftUITests */,
				8EAE24AD2282058F00F49443 /* Products */,
				96704C6E39D9F08E964671BA /* Pods */,
				4714CB2348256B16F59D1FB4 /* Frameworks */,
			);
			sourceTree = "<group>";
		};
		8EAE24AD2282058F00F49443 /* Products */ = {
			isa = PBXGroup;
			children = (
				8EAE24AC2282058F00F49443 /* MSDKSampleAppSwift.app */,
				8EAE24C02282059000F49443 /* MSDKSampleAppSwiftTests.xctest */,
				8EAE24CB2282059000F49443 /* MSDKSampleAppSwiftUITests.xctest */,
			);
			name = Products;
			sourceTree = "<group>";
		};
		8EAE24AE2282058F00F49443 /* MSDKSampleAppSwift */ = {
			isa = PBXGroup;
			children = (
				8EAE24AF2282058F00F49443 /* AppDelegate.swift */,
				8EAE24B62282059000F49443 /* Assets.xcassets */,
				DD725CE6273936E80040CCD6 /* common */,
				DD00E1FA2695F7C00050BC88 /* CustomTableViewCell.swift */,
				AAD4B57C25CB69710009588A /* CustomTableViewCell.xib */,
				AAD4B58925CB70480009588A /* GoogleService-Info.plist */,
				AAD4B58A25CB70480009588A /* GoogleService-InfoTemplate.plist */,
				DD00E1F62694822C0050BC88 /* HistoryViewController.swift */,
				DD00E1F4269482120050BC88 /* HomeViewController.swift */,
				8EAE24BB2282059000F49443 /* Info.plist */,
				8EAE24B82282059000F49443 /* LaunchScreen.storyboard */,
				8EAE24B32282058F00F49443 /* Main.storyboard */,
				DD00E1F8269482600050BC88 /* MSDKSampleAppSwift-Prefix.pch */,
				AAD4B59025CB70600009588A /* MSDKSampleAppSwift.entitlements */,
			);
			path = MSDKSampleAppSwift;
			sourceTree = "<group>";
		};
		8EAE24C32282059000F49443 /* MSDKSampleAppSwiftTests */ = {
			isa = PBXGroup;
			children = (
				8EAE24C42282059000F49443 /* MSDKSampleAppSwiftTests.swift */,
				8EAE24C62282059000F49443 /* Info.plist */,
			);
			path = MSDKSampleAppSwiftTests;
			sourceTree = "<group>";
		};
		8EAE24CE2282059000F49443 /* MSDKSampleAppSwiftUITests */ = {
			isa = PBXGroup;
			children = (
				8EAE24CF2282059000F49443 /* MSDKSampleAppSwiftUITests.swift */,
				8EAE24D12282059000F49443 /* Info.plist */,
			);
			path = MSDKSampleAppSwiftUITests;
			sourceTree = "<group>";
		};
		96704C6E39D9F08E964671BA /* Pods */ = {
			isa = PBXGroup;
			children = (
				50ED8487CF4A61B112C84978 /* Pods-MSDKSampleAppSwift.debug.xcconfig */,
				CA90A929B298B48B6CFDBA0B /* Pods-MSDKSampleAppSwift.release.xcconfig */,
				9E4569DF189DD7DD9AE7F83F /* Pods-MSDKSampleAppSwiftTests.debug.xcconfig */,
				7ECB14E160EFF4B087AE2E3F /* Pods-MSDKSampleAppSwiftTests.release.xcconfig */,
				FE446544BA23DF319B26C6C3 /* Pods-MSDKSampleAppSwiftUITests.debug.xcconfig */,
				EF9C7F8E62A6B0756092BDC9 /* Pods-MSDKSampleAppSwiftUITests.release.xcconfig */,
			);
			path = Pods;
			sourceTree = "<group>";
		};
		DD725CE6273936E80040CCD6 /* common */ = {
			isa = PBXGroup;
			children = (
				DD725D28273BE9530040CCD6 /* CredentialOffersHandler.h */,
				DD725D27273BE9520040CCD6 /* CredentialOffersHandler.m */,
				DD725D29273BE9530040CCD6 /* ProofRequestsHandler.h */,
				DD725D26273BE9520040CCD6 /* ProofRequestsHandler.m */,
				DD725D1727393B640040CCD6 /* MSDKSampleAppSwift-Bridging-Header.h */,
				DD725CF6273936E80040CCD6 /* ConnectionHandler.h */,
				DD725CEE273936E80040CCD6 /* ConnectionHandler.m */,
				DD725CF7273936E80040CCD6 /* handlers */,
				DD725D02273936E80040CCD6 /* helpers */,
				DD725CE7273936E80040CCD6 /* types */,
				DD725CEF273936E80040CCD6 /* utils */,
			);
			name = common;
			path = ../../common;
			sourceTree = "<group>";
		};
		DD725CE7273936E80040CCD6 /* types */ = {
			isa = PBXGroup;
			children = (
				DD725CEA273936E80040CCD6 /* Config.h */,
				DD725CEC273936E80040CCD6 /* Config.m */,
				DD725CE9273936E80040CCD6 /* MobileSDK.h */,
				DD725CED273936E80040CCD6 /* MobileSDK.m */,
			);
			path = types;
			sourceTree = "<group>";
		};
		DD725CEF273936E80040CCD6 /* utils */ = {
			isa = PBXGroup;
			children = (
				DD725CF4273936E80040CCD6 /* LocalStorage.h */,
				DD725CF1273936E80040CCD6 /* LocalStorage.m */,
				DD725CF3273936E80040CCD6 /* Log.h */,
				DD725CF0273936E80040CCD6 /* Log.m */,
				DD725CF2273936E80040CCD6 /* Utilities.h */,
				DD725CF5273936E80040CCD6 /* Utilities.m */,
			);
			path = utils;
			sourceTree = "<group>";
		};
		DD725CF7273936E80040CCD6 /* handlers */ = {
			isa = PBXGroup;
			children = (
				DD725CF8273936E80040CCD6 /* Connection.h */,
				DD725CFE273936E80040CCD6 /* Connection.m */,
				DD725D00273936E80040CCD6 /* Credential.h */,
				DD725CFA273936E80040CCD6 /* Credential.m */,
				DD725CFD273936E80040CCD6 /* Initialization.h */,
				DD725CF9273936E80040CCD6 /* Initialization.m */,
				DD725CFC273936E80040CCD6 /* Message.h */,
				DD725D01273936E80040CCD6 /* Message.m */,
				DD725CFF273936E80040CCD6 /* ProofRequest.h */,
				DD725CFB273936E80040CCD6 /* ProofRequest.m */,
			);
			path = handlers;
			sourceTree = "<group>";
		};
		DD725D02273936E80040CCD6 /* helpers */ = {
			isa = PBXGroup;
			children = (
				DD725D2C273BE9620040CCD6 /* Proof.h */,
				DD725D2D273BE9620040CCD6 /* Proof.m */,
				DD725D06273936E80040CCD6 /* ConnectionInvitation.h */,
				DD725D04273936E80040CCD6 /* ConnectionInvitation.m */,
				DD725D03273936E80040CCD6 /* CredentialOffer.h */,
				DD725D05273936E80040CCD6 /* CredentialOffer.m */,
			);
			path = helpers;
			sourceTree = "<group>";
		};
/* End PBXGroup section */

/* Begin PBXNativeTarget section */
		8EAE24AB2282058F00F49443 /* MSDKSampleAppSwift */ = {
			isa = PBXNativeTarget;
			buildConfigurationList = 8EAE24D42282059000F49443 /* Build configuration list for PBXNativeTarget "MSDKSampleAppSwift" */;
			buildPhases = (
				49920A89F9580A69F13DBC1B /* [CP] Check Pods Manifest.lock */,
				8EAE24A82282058F00F49443 /* Sources */,
				8EAE24A92282058F00F49443 /* Frameworks */,
				8EAE24AA2282058F00F49443 /* Resources */,
				E0085FF1EC0FEDAFD5F3CA42 /* [CP] Embed Pods Frameworks */,
			);
			buildRules = (
			);
			dependencies = (
			);
			name = MSDKSampleAppSwift;
			productName = MSDKSampleAppSwift;
			productReference = 8EAE24AC2282058F00F49443 /* MSDKSampleAppSwift.app */;
			productType = "com.apple.product-type.application";
		};
		8EAE24BF2282059000F49443 /* MSDKSampleAppSwiftTests */ = {
			isa = PBXNativeTarget;
			buildConfigurationList = 8EAE24D72282059000F49443 /* Build configuration list for PBXNativeTarget "MSDKSampleAppSwiftTests" */;
			buildPhases = (
				2B4D5B7908DAE679097D624B /* [CP] Check Pods Manifest.lock */,
				8EAE24BC2282059000F49443 /* Sources */,
				8EAE24BD2282059000F49443 /* Frameworks */,
				8EAE24BE2282059000F49443 /* Resources */,
			);
			buildRules = (
			);
			dependencies = (
				8EAE24C22282059000F49443 /* PBXTargetDependency */,
			);
			name = MSDKSampleAppSwiftTests;
			productName = MSDKSampleAppSwiftTests;
			productReference = 8EAE24C02282059000F49443 /* MSDKSampleAppSwiftTests.xctest */;
			productType = "com.apple.product-type.bundle.unit-test";
		};
		8EAE24CA2282059000F49443 /* MSDKSampleAppSwiftUITests */ = {
			isa = PBXNativeTarget;
			buildConfigurationList = 8EAE24DA2282059000F49443 /* Build configuration list for PBXNativeTarget "MSDKSampleAppSwiftUITests" */;
			buildPhases = (
				06486861B34D2B030F8E969E /* [CP] Check Pods Manifest.lock */,
				8EAE24C72282059000F49443 /* Sources */,
				8EAE24C82282059000F49443 /* Frameworks */,
				8EAE24C92282059000F49443 /* Resources */,
			);
			buildRules = (
			);
			dependencies = (
				8EAE24CD2282059000F49443 /* PBXTargetDependency */,
			);
			name = MSDKSampleAppSwiftUITests;
			productName = MSDKSampleAppSwiftUITests;
			productReference = 8EAE24CB2282059000F49443 /* MSDKSampleAppSwiftUITests.xctest */;
			productType = "com.apple.product-type.bundle.ui-testing";
		};
/* End PBXNativeTarget section */

/* Begin PBXProject section */
		8EAE24A42282058F00F49443 /* Project object */ = {
			isa = PBXProject;
			attributes = {
				LastSwiftUpdateCheck = 1010;
				LastUpgradeCheck = 1010;
				ORGANIZATIONNAME = "Norman Jarvis";
				TargetAttributes = {
					8EAE24AB2282058F00F49443 = {
						CreatedOnToolsVersion = 10.1;
						LastSwiftMigration = 1250;
					};
					8EAE24BF2282059000F49443 = {
						CreatedOnToolsVersion = 10.1;
						TestTargetID = 8EAE24AB2282058F00F49443;
					};
					8EAE24CA2282059000F49443 = {
						CreatedOnToolsVersion = 10.1;
						TestTargetID = 8EAE24AB2282058F00F49443;
					};
				};
			};
			buildConfigurationList = 8EAE24A72282058F00F49443 /* Build configuration list for PBXProject "MSDKSampleAppSwift" */;
			compatibilityVersion = "Xcode 9.3";
			developmentRegion = en;
			hasScannedForEncodings = 0;
			knownRegions = (
				en,
				Base,
			);
			mainGroup = 8EAE24A32282058F00F49443;
			productRefGroup = 8EAE24AD2282058F00F49443 /* Products */;
			projectDirPath = "";
			projectRoot = "";
			targets = (
				8EAE24AB2282058F00F49443 /* MSDKSampleAppSwift */,
				8EAE24BF2282059000F49443 /* MSDKSampleAppSwiftTests */,
				8EAE24CA2282059000F49443 /* MSDKSampleAppSwiftUITests */,
			);
		};
/* End PBXProject section */

/* Begin PBXResourcesBuildPhase section */
		8EAE24AA2282058F00F49443 /* Resources */ = {
			isa = PBXResourcesBuildPhase;
			buildActionMask = 2147483647;
			files = (
				8EAE24BA2282059000F49443 /* LaunchScreen.storyboard in Resources */,
				AAD4B57E25CB69710009588A /* CustomTableViewCell.xib in Resources */,
				AAD4B58C25CB70480009588A /* GoogleService-InfoTemplate.plist in Resources */,
				8EAE24B72282059000F49443 /* Assets.xcassets in Resources */,
				8EAE24B52282058F00F49443 /* Main.storyboard in Resources */,
				AAD4B58B25CB70480009588A /* GoogleService-Info.plist in Resources */,
			);
			runOnlyForDeploymentPostprocessing = 0;
		};
		8EAE24BE2282059000F49443 /* Resources */ = {
			isa = PBXResourcesBuildPhase;
			buildActionMask = 2147483647;
			files = (
			);
			runOnlyForDeploymentPostprocessing = 0;
		};
		8EAE24C92282059000F49443 /* Resources */ = {
			isa = PBXResourcesBuildPhase;
			buildActionMask = 2147483647;
			files = (
			);
			runOnlyForDeploymentPostprocessing = 0;
		};
/* End PBXResourcesBuildPhase section */

/* Begin PBXShellScriptBuildPhase section */
		06486861B34D2B030F8E969E /* [CP] Check Pods Manifest.lock */ = {
			isa = PBXShellScriptBuildPhase;
			buildActionMask = 2147483647;
			files = (
			);
			inputFileListPaths = (
			);
			inputPaths = (
				"${PODS_PODFILE_DIR_PATH}/Podfile.lock",
				"${PODS_ROOT}/Manifest.lock",
			);
			name = "[CP] Check Pods Manifest.lock";
			outputFileListPaths = (
			);
			outputPaths = (
				"$(DERIVED_FILE_DIR)/Pods-MSDKSampleAppSwiftUITests-checkManifestLockResult.txt",
			);
			runOnlyForDeploymentPostprocessing = 0;
			shellPath = /bin/sh;
			shellScript = "diff \"${PODS_PODFILE_DIR_PATH}/Podfile.lock\" \"${PODS_ROOT}/Manifest.lock\" > /dev/null\nif [ $? != 0 ] ; then\n    # print error to STDERR\n    echo \"error: The sandbox is not in sync with the Podfile.lock. Run 'pod install' or update your CocoaPods installation.\" >&2\n    exit 1\nfi\n# This output is used by Xcode 'outputs' to avoid re-running this script phase.\necho \"SUCCESS\" > \"${SCRIPT_OUTPUT_FILE_0}\"\n";
			showEnvVarsInLog = 0;
		};
		2B4D5B7908DAE679097D624B /* [CP] Check Pods Manifest.lock */ = {
			isa = PBXShellScriptBuildPhase;
			buildActionMask = 2147483647;
			files = (
			);
			inputFileListPaths = (
			);
			inputPaths = (
				"${PODS_PODFILE_DIR_PATH}/Podfile.lock",
				"${PODS_ROOT}/Manifest.lock",
			);
			name = "[CP] Check Pods Manifest.lock";
			outputFileListPaths = (
			);
			outputPaths = (
				"$(DERIVED_FILE_DIR)/Pods-MSDKSampleAppSwiftTests-checkManifestLockResult.txt",
			);
			runOnlyForDeploymentPostprocessing = 0;
			shellPath = /bin/sh;
			shellScript = "diff \"${PODS_PODFILE_DIR_PATH}/Podfile.lock\" \"${PODS_ROOT}/Manifest.lock\" > /dev/null\nif [ $? != 0 ] ; then\n    # print error to STDERR\n    echo \"error: The sandbox is not in sync with the Podfile.lock. Run 'pod install' or update your CocoaPods installation.\" >&2\n    exit 1\nfi\n# This output is used by Xcode 'outputs' to avoid re-running this script phase.\necho \"SUCCESS\" > \"${SCRIPT_OUTPUT_FILE_0}\"\n";
			showEnvVarsInLog = 0;
		};
		49920A89F9580A69F13DBC1B /* [CP] Check Pods Manifest.lock */ = {
			isa = PBXShellScriptBuildPhase;
			buildActionMask = 2147483647;
			files = (
			);
			inputFileListPaths = (
			);
			inputPaths = (
				"${PODS_PODFILE_DIR_PATH}/Podfile.lock",
				"${PODS_ROOT}/Manifest.lock",
			);
			name = "[CP] Check Pods Manifest.lock";
			outputFileListPaths = (
			);
			outputPaths = (
				"$(DERIVED_FILE_DIR)/Pods-MSDKSampleAppSwift-checkManifestLockResult.txt",
			);
			runOnlyForDeploymentPostprocessing = 0;
			shellPath = /bin/sh;
			shellScript = "diff \"${PODS_PODFILE_DIR_PATH}/Podfile.lock\" \"${PODS_ROOT}/Manifest.lock\" > /dev/null\nif [ $? != 0 ] ; then\n    # print error to STDERR\n    echo \"error: The sandbox is not in sync with the Podfile.lock. Run 'pod install' or update your CocoaPods installation.\" >&2\n    exit 1\nfi\n# This output is used by Xcode 'outputs' to avoid re-running this script phase.\necho \"SUCCESS\" > \"${SCRIPT_OUTPUT_FILE_0}\"\n";
			showEnvVarsInLog = 0;
		};
		E0085FF1EC0FEDAFD5F3CA42 /* [CP] Embed Pods Frameworks */ = {
			isa = PBXShellScriptBuildPhase;
			buildActionMask = 2147483647;
			files = (
			);
			inputFileListPaths = (
				"${PODS_ROOT}/Target Support Files/Pods-MSDKSampleAppSwift/Pods-MSDKSampleAppSwift-frameworks-${CONFIGURATION}-input-files.xcfilelist",
			);
			name = "[CP] Embed Pods Frameworks";
			outputFileListPaths = (
				"${PODS_ROOT}/Target Support Files/Pods-MSDKSampleAppSwift/Pods-MSDKSampleAppSwift-frameworks-${CONFIGURATION}-output-files.xcfilelist",
			);
			runOnlyForDeploymentPostprocessing = 0;
			shellPath = /bin/sh;
			shellScript = "\"${PODS_ROOT}/Target Support Files/Pods-MSDKSampleAppSwift/Pods-MSDKSampleAppSwift-frameworks.sh\"\n";
			showEnvVarsInLog = 0;
		};
/* End PBXShellScriptBuildPhase section */

/* Begin PBXSourcesBuildPhase section */
		8EAE24A82282058F00F49443 /* Sources */ = {
			isa = PBXSourcesBuildPhase;
			buildActionMask = 2147483647;
			files = (
				DD00E1FB2695F7C00050BC88 /* CustomTableViewCell.swift in Sources */,
				DD725D14273936E80040CCD6 /* CredentialOffer.m in Sources */,
				DD725D08273936E80040CCD6 /* Config.m in Sources */,
				DD00E1F72694822C0050BC88 /* HistoryViewController.swift in Sources */,
				DD725D0E273936E80040CCD6 /* Initialization.m in Sources */,
				DD725D13273936E80040CCD6 /* ConnectionInvitation.m in Sources */,
				DD725D0C273936E80040CCD6 /* LocalStorage.m in Sources */,
				DD725D0B273936E80040CCD6 /* Log.m in Sources */,
				8EAE24B02282058F00F49443 /* AppDelegate.swift in Sources */,
				DD725D0F273936E80040CCD6 /* Credential.m in Sources */,
				DD725D2B273BE9530040CCD6 /* CredentialOffersHandler.m in Sources */,
				DD725D0D273936E80040CCD6 /* Utilities.m in Sources */,
				DD725D12273936E80040CCD6 /* Message.m in Sources */,
				DD725D2A273BE9530040CCD6 /* ProofRequestsHandler.m in Sources */,
				DD725D0A273936E80040CCD6 /* ConnectionHandler.m in Sources */,
				DD725D10273936E80040CCD6 /* ProofRequest.m in Sources */,
				DD00E1F5269482120050BC88 /* HomeViewController.swift in Sources */,
				DD725D2E273BE9620040CCD6 /* Proof.m in Sources */,
				DD725D09273936E80040CCD6 /* MobileSDK.m in Sources */,
				DD725D11273936E80040CCD6 /* Connection.m in Sources */,
			);
			runOnlyForDeploymentPostprocessing = 0;
		};
		8EAE24BC2282059000F49443 /* Sources */ = {
			isa = PBXSourcesBuildPhase;
			buildActionMask = 2147483647;
			files = (
				8EAE24C52282059000F49443 /* MSDKSampleAppSwiftTests.swift in Sources */,
			);
			runOnlyForDeploymentPostprocessing = 0;
		};
		8EAE24C72282059000F49443 /* Sources */ = {
			isa = PBXSourcesBuildPhase;
			buildActionMask = 2147483647;
			files = (
				8EAE24D02282059000F49443 /* MSDKSampleAppSwiftUITests.swift in Sources */,
			);
			runOnlyForDeploymentPostprocessing = 0;
		};
/* End PBXSourcesBuildPhase section */

/* Begin PBXTargetDependency section */
		8EAE24C22282059000F49443 /* PBXTargetDependency */ = {
			isa = PBXTargetDependency;
			target = 8EAE24AB2282058F00F49443 /* MSDKSampleAppSwift */;
			targetProxy = 8EAE24C12282059000F49443 /* PBXContainerItemProxy */;
		};
		8EAE24CD2282059000F49443 /* PBXTargetDependency */ = {
			isa = PBXTargetDependency;
			target = 8EAE24AB2282058F00F49443 /* MSDKSampleAppSwift */;
			targetProxy = 8EAE24CC2282059000F49443 /* PBXContainerItemProxy */;
		};
/* End PBXTargetDependency section */

/* Begin PBXVariantGroup section */
		8EAE24B32282058F00F49443 /* Main.storyboard */ = {
			isa = PBXVariantGroup;
			children = (
				8EAE24B42282058F00F49443 /* Base */,
			);
			name = Main.storyboard;
			sourceTree = "<group>";
		};
		8EAE24B82282059000F49443 /* LaunchScreen.storyboard */ = {
			isa = PBXVariantGroup;
			children = (
				8EAE24B92282059000F49443 /* Base */,
			);
			name = LaunchScreen.storyboard;
			sourceTree = "<group>";
		};
/* End PBXVariantGroup section */

/* Begin XCBuildConfiguration section */
		8EAE24D22282059000F49443 /* Debug */ = {
			isa = XCBuildConfiguration;
			buildSettings = {
				ALWAYS_SEARCH_USER_PATHS = NO;
				CLANG_ANALYZER_NONNULL = YES;
				CLANG_ANALYZER_NUMBER_OBJECT_CONVERSION = YES_AGGRESSIVE;
				CLANG_CXX_LANGUAGE_STANDARD = "gnu++14";
				CLANG_CXX_LIBRARY = "libc++";
				CLANG_ENABLE_MODULES = YES;
				CLANG_ENABLE_OBJC_ARC = NO;
				CLANG_ENABLE_OBJC_WEAK = YES;
				CLANG_WARN_BLOCK_CAPTURE_AUTORELEASING = YES;
				CLANG_WARN_BOOL_CONVERSION = YES;
				CLANG_WARN_COMMA = YES;
				CLANG_WARN_CONSTANT_CONVERSION = YES;
				CLANG_WARN_DEPRECATED_OBJC_IMPLEMENTATIONS = YES;
				CLANG_WARN_DIRECT_OBJC_ISA_USAGE = YES_ERROR;
				CLANG_WARN_DOCUMENTATION_COMMENTS = YES;
				CLANG_WARN_EMPTY_BODY = YES;
				CLANG_WARN_ENUM_CONVERSION = YES;
				CLANG_WARN_INFINITE_RECURSION = YES;
				CLANG_WARN_INT_CONVERSION = YES;
				CLANG_WARN_NON_LITERAL_NULL_CONVERSION = YES;
				CLANG_WARN_OBJC_IMPLICIT_RETAIN_SELF = YES;
				CLANG_WARN_OBJC_LITERAL_CONVERSION = YES;
				CLANG_WARN_OBJC_ROOT_CLASS = YES_ERROR;
				CLANG_WARN_RANGE_LOOP_ANALYSIS = YES;
				CLANG_WARN_STRICT_PROTOTYPES = YES;
				CLANG_WARN_SUSPICIOUS_MOVE = YES;
				CLANG_WARN_UNGUARDED_AVAILABILITY = YES_AGGRESSIVE;
				CLANG_WARN_UNREACHABLE_CODE = YES;
				CLANG_WARN__DUPLICATE_METHOD_MATCH = YES;
				CODE_SIGN_IDENTITY = "iPhone Developer";
				COPY_PHASE_STRIP = NO;
				DEBUG_INFORMATION_FORMAT = dwarf;
				ENABLE_STRICT_OBJC_MSGSEND = YES;
				ENABLE_TESTABILITY = YES;
				GCC_C_LANGUAGE_STANDARD = gnu11;
				GCC_DYNAMIC_NO_PIC = NO;
				GCC_NO_COMMON_BLOCKS = YES;
				GCC_OPTIMIZATION_LEVEL = 0;
				GCC_PREPROCESSOR_DEFINITIONS = (
					"DEBUG=1",
					"$(inherited)",
				);
				GCC_WARN_64_TO_32_BIT_CONVERSION = YES;
				GCC_WARN_ABOUT_RETURN_TYPE = YES_ERROR;
				GCC_WARN_UNDECLARED_SELECTOR = YES;
				GCC_WARN_UNINITIALIZED_AUTOS = YES_AGGRESSIVE;
				GCC_WARN_UNUSED_FUNCTION = YES;
				GCC_WARN_UNUSED_VARIABLE = YES;
				IPHONEOS_DEPLOYMENT_TARGET = 12.1;
				MTL_ENABLE_DEBUG_INFO = INCLUDE_SOURCE;
				MTL_FAST_MATH = YES;
				ONLY_ACTIVE_ARCH = YES;
				SDKROOT = iphoneos;
				SWIFT_ACTIVE_COMPILATION_CONDITIONS = DEBUG;
				SWIFT_OPTIMIZATION_LEVEL = "-Onone";
			};
			name = Debug;
		};
		8EAE24D32282059000F49443 /* Release */ = {
			isa = XCBuildConfiguration;
			buildSettings = {
				ALWAYS_SEARCH_USER_PATHS = NO;
				CLANG_ANALYZER_NONNULL = YES;
				CLANG_ANALYZER_NUMBER_OBJECT_CONVERSION = YES_AGGRESSIVE;
				CLANG_CXX_LANGUAGE_STANDARD = "gnu++14";
				CLANG_CXX_LIBRARY = "libc++";
				CLANG_ENABLE_MODULES = YES;
				CLANG_ENABLE_OBJC_ARC = NO;
				CLANG_ENABLE_OBJC_WEAK = YES;
				CLANG_WARN_BLOCK_CAPTURE_AUTORELEASING = YES;
				CLANG_WARN_BOOL_CONVERSION = YES;
				CLANG_WARN_COMMA = YES;
				CLANG_WARN_CONSTANT_CONVERSION = YES;
				CLANG_WARN_DEPRECATED_OBJC_IMPLEMENTATIONS = YES;
				CLANG_WARN_DIRECT_OBJC_ISA_USAGE = YES_ERROR;
				CLANG_WARN_DOCUMENTATION_COMMENTS = YES;
				CLANG_WARN_EMPTY_BODY = YES;
				CLANG_WARN_ENUM_CONVERSION = YES;
				CLANG_WARN_INFINITE_RECURSION = YES;
				CLANG_WARN_INT_CONVERSION = YES;
				CLANG_WARN_NON_LITERAL_NULL_CONVERSION = YES;
				CLANG_WARN_OBJC_IMPLICIT_RETAIN_SELF = YES;
				CLANG_WARN_OBJC_LITERAL_CONVERSION = YES;
				CLANG_WARN_OBJC_ROOT_CLASS = YES_ERROR;
				CLANG_WARN_RANGE_LOOP_ANALYSIS = YES;
				CLANG_WARN_STRICT_PROTOTYPES = YES;
				CLANG_WARN_SUSPICIOUS_MOVE = YES;
				CLANG_WARN_UNGUARDED_AVAILABILITY = YES_AGGRESSIVE;
				CLANG_WARN_UNREACHABLE_CODE = YES;
				CLANG_WARN__DUPLICATE_METHOD_MATCH = YES;
				CODE_SIGN_IDENTITY = "iPhone Developer";
				COPY_PHASE_STRIP = NO;
				DEBUG_INFORMATION_FORMAT = "dwarf-with-dsym";
				ENABLE_NS_ASSERTIONS = NO;
				ENABLE_STRICT_OBJC_MSGSEND = YES;
				GCC_C_LANGUAGE_STANDARD = gnu11;
				GCC_NO_COMMON_BLOCKS = YES;
				GCC_WARN_64_TO_32_BIT_CONVERSION = YES;
				GCC_WARN_ABOUT_RETURN_TYPE = YES_ERROR;
				GCC_WARN_UNDECLARED_SELECTOR = YES;
				GCC_WARN_UNINITIALIZED_AUTOS = YES_AGGRESSIVE;
				GCC_WARN_UNUSED_FUNCTION = YES;
				GCC_WARN_UNUSED_VARIABLE = YES;
				IPHONEOS_DEPLOYMENT_TARGET = 12.1;
				MTL_ENABLE_DEBUG_INFO = NO;
				MTL_FAST_MATH = YES;
				SDKROOT = iphoneos;
				SWIFT_COMPILATION_MODE = wholemodule;
				SWIFT_OPTIMIZATION_LEVEL = "-O";
				VALIDATE_PRODUCT = YES;
			};
			name = Release;
		};
		8EAE24D52282059000F49443 /* Debug */ = {
			isa = XCBuildConfiguration;
			baseConfigurationReference = 50ED8487CF4A61B112C84978 /* Pods-MSDKSampleAppSwift.debug.xcconfig */;
			buildSettings = {
				ASSETCATALOG_COMPILER_APPICON_NAME = AppIcon;
				CLANG_ENABLE_MODULES = YES;
				CODE_SIGN_ENTITLEMENTS = MSDKSampleAppSwift/MSDKSampleAppSwift.entitlements;
				CODE_SIGN_STYLE = Automatic;
				DEVELOPMENT_TEAM = ES8QU3D2A4;
				ENABLE_BITCODE = NO;
				GCC_PRECOMPILE_PREFIX_HEADER = YES;
				GCC_PREFIX_HEADER = "MSDKSampleAppSwift/MSDKSampleAppSwift-Prefix.pch";
				HEADER_SEARCH_PATHS = (
					"$(inherited)",
					"\"${PODS_CONFIGURATION_BUILD_DIR}/FirebaseCore/FirebaseCore.framework/Headers\"",
					"\"${PODS_CONFIGURATION_BUILD_DIR}/FirebaseCoreDiagnostics/FirebaseCoreDiagnostics.framework/Headers\"",
					"\"${PODS_CONFIGURATION_BUILD_DIR}/FirebaseInstallations/FirebaseInstallations.framework/Headers\"",
					"\"${PODS_CONFIGURATION_BUILD_DIR}/FirebaseInstanceID/FirebaseInstanceID.framework/Headers\"",
					"\"${PODS_CONFIGURATION_BUILD_DIR}/FirebaseMessaging/FirebaseMessaging.framework/Headers\"",
					"\"${PODS_CONFIGURATION_BUILD_DIR}/GoogleDataTransport/GoogleDataTransport.framework/Headers\"",
					"\"${PODS_CONFIGURATION_BUILD_DIR}/GoogleUtilities/GoogleUtilities.framework/Headers\"",
					"\"${PODS_CONFIGURATION_BUILD_DIR}/PromisesObjC/FBLPromises.framework/Headers\"",
					"\"${PODS_CONFIGURATION_BUILD_DIR}/Protobuf/Protobuf.framework/Headers\"",
					"\"${PODS_CONFIGURATION_BUILD_DIR}/nanopb/nanopb.framework/Headers\"",
					"\"${PODS_ROOT}/Headers/Public\"",
					"\"${PODS_ROOT}/Headers/Public/Firebase\"",
					"$(inherited)",
					"${PODS_ROOT}/Firebase/CoreOnly/Sources",
					"\"${PODS_TARGET_SRCROOT}/Sources/FBLPromises/include\"",
				);
				INFOPLIST_FILE = MSDKSampleAppSwift/Info.plist;
				IPHONEOS_DEPLOYMENT_TARGET = 9.0;
				LD_RUNPATH_SEARCH_PATHS = (
					"$(inherited)",
					"@executable_path/Frameworks",
				);
				PRODUCT_BUNDLE_IDENTIFIER = me.connect.sdk.swift.CMeSdkSwift;
				PRODUCT_NAME = "$(TARGET_NAME)";
				SWIFT_OBJC_BRIDGING_HEADER = "MSDKSampleAppSwift/MSDKSampleAppSwift-Bridging-Header.h";
				SWIFT_OPTIMIZATION_LEVEL = "-Onone";
				SWIFT_VERSION = 4.2;
				TARGETED_DEVICE_FAMILY = "1,2";
			};
			name = Debug;
		};
		8EAE24D62282059000F49443 /* Release */ = {
			isa = XCBuildConfiguration;
			baseConfigurationReference = CA90A929B298B48B6CFDBA0B /* Pods-MSDKSampleAppSwift.release.xcconfig */;
			buildSettings = {
				ASSETCATALOG_COMPILER_APPICON_NAME = AppIcon;
				CLANG_ENABLE_MODULES = YES;
				CODE_SIGN_ENTITLEMENTS = MSDKSampleAppSwift/MSDKSampleAppSwift.entitlements;
				CODE_SIGN_STYLE = Automatic;
				DEVELOPMENT_TEAM = ES8QU3D2A4;
				ENABLE_BITCODE = NO;
				GCC_PRECOMPILE_PREFIX_HEADER = YES;
				GCC_PREFIX_HEADER = "MSDKSampleAppSwift/MSDKSampleAppSwift-Prefix.pch";
				INFOPLIST_FILE = MSDKSampleAppSwift/Info.plist;
				IPHONEOS_DEPLOYMENT_TARGET = 9.0;
				LD_RUNPATH_SEARCH_PATHS = (
					"$(inherited)",
					"@executable_path/Frameworks",
				);
				PRODUCT_BUNDLE_IDENTIFIER = me.connect.sdk.swift.CMeSdkSwift;
				PRODUCT_NAME = "$(TARGET_NAME)";
				SWIFT_OBJC_BRIDGING_HEADER = "MSDKSampleAppSwift/MSDKSampleAppSwift-Bridging-Header.h";
				SWIFT_VERSION = 4.2;
				TARGETED_DEVICE_FAMILY = "1,2";
			};
			name = Release;
		};
		8EAE24D82282059000F49443 /* Debug */ = {
			isa = XCBuildConfiguration;
			baseConfigurationReference = 9E4569DF189DD7DD9AE7F83F /* Pods-MSDKSampleAppSwiftTests.debug.xcconfig */;
			buildSettings = {
				ALWAYS_EMBED_SWIFT_STANDARD_LIBRARIES = YES;
				BUNDLE_LOADER = "$(TEST_HOST)";
				CODE_SIGN_STYLE = Automatic;
				DEVELOPMENT_TEAM = ES8QU3D2A4;
				INFOPLIST_FILE = MSDKSampleAppSwiftTests/Info.plist;
				LD_RUNPATH_SEARCH_PATHS = (
					"$(inherited)",
					"@executable_path/Frameworks",
					"@loader_path/Frameworks",
				);
				PRODUCT_BUNDLE_IDENTIFIER = me.connect.sdk.swift.CMeSdkSwiftTests;
				PRODUCT_NAME = "$(TARGET_NAME)";
				SWIFT_VERSION = 4.2;
				TARGETED_DEVICE_FAMILY = "1,2";
				TEST_HOST = "$(BUILT_PRODUCTS_DIR)/MSDKSampleAppSwift.app/MSDKSampleAppSwift";
			};
			name = Debug;
		};
		8EAE24D92282059000F49443 /* Release */ = {
			isa = XCBuildConfiguration;
			baseConfigurationReference = 7ECB14E160EFF4B087AE2E3F /* Pods-MSDKSampleAppSwiftTests.release.xcconfig */;
			buildSettings = {
				ALWAYS_EMBED_SWIFT_STANDARD_LIBRARIES = YES;
				BUNDLE_LOADER = "$(TEST_HOST)";
				CODE_SIGN_STYLE = Automatic;
				DEVELOPMENT_TEAM = ES8QU3D2A4;
				INFOPLIST_FILE = MSDKSampleAppSwiftTests/Info.plist;
				LD_RUNPATH_SEARCH_PATHS = (
					"$(inherited)",
					"@executable_path/Frameworks",
					"@loader_path/Frameworks",
				);
				PRODUCT_BUNDLE_IDENTIFIER = me.connect.sdk.swift.CMeSdkSwiftTests;
				PRODUCT_NAME = "$(TARGET_NAME)";
				SWIFT_VERSION = 4.2;
				TARGETED_DEVICE_FAMILY = "1,2";
				TEST_HOST = "$(BUILT_PRODUCTS_DIR)/MSDKSampleAppSwift.app/MSDKSampleAppSwift";
			};
			name = Release;
		};
		8EAE24DB2282059000F49443 /* Debug */ = {
			isa = XCBuildConfiguration;
			baseConfigurationReference = FE446544BA23DF319B26C6C3 /* Pods-MSDKSampleAppSwiftUITests.debug.xcconfig */;
			buildSettings = {
				ALWAYS_EMBED_SWIFT_STANDARD_LIBRARIES = YES;
				CODE_SIGN_STYLE = Automatic;
				DEVELOPMENT_TEAM = ES8QU3D2A4;
				INFOPLIST_FILE = MSDKSampleAppSwiftUITests/Info.plist;
				LD_RUNPATH_SEARCH_PATHS = (
					"$(inherited)",
					"@executable_path/Frameworks",
					"@loader_path/Frameworks",
				);
				PRODUCT_BUNDLE_IDENTIFIER = me.connect.sdk.swift.CMeSdkSwiftUITests;
				PRODUCT_NAME = "$(TARGET_NAME)";
				SWIFT_VERSION = 4.2;
				TARGETED_DEVICE_FAMILY = "1,2";
				TEST_TARGET_NAME = MSDKSampleAppSwift;
			};
			name = Debug;
		};
		8EAE24DC2282059000F49443 /* Release */ = {
			isa = XCBuildConfiguration;
			baseConfigurationReference = EF9C7F8E62A6B0756092BDC9 /* Pods-MSDKSampleAppSwiftUITests.release.xcconfig */;
			buildSettings = {
				ALWAYS_EMBED_SWIFT_STANDARD_LIBRARIES = YES;
				CODE_SIGN_STYLE = Automatic;
				DEVELOPMENT_TEAM = ES8QU3D2A4;
				INFOPLIST_FILE = MSDKSampleAppSwiftUITests/Info.plist;
				LD_RUNPATH_SEARCH_PATHS = (
					"$(inherited)",
					"@executable_path/Frameworks",
					"@loader_path/Frameworks",
				);
				PRODUCT_BUNDLE_IDENTIFIER = me.connect.sdk.swift.CMeSdkSwiftUITests;
				PRODUCT_NAME = "$(TARGET_NAME)";
				SWIFT_VERSION = 4.2;
				TARGETED_DEVICE_FAMILY = "1,2";
				TEST_TARGET_NAME = MSDKSampleAppSwift;
			};
			name = Release;
		};
/* End XCBuildConfiguration section */

/* Begin XCConfigurationList section */
		8EAE24A72282058F00F49443 /* Build configuration list for PBXProject "MSDKSampleAppSwift" */ = {
			isa = XCConfigurationList;
			buildConfigurations = (
				8EAE24D22282059000F49443 /* Debug */,
				8EAE24D32282059000F49443 /* Release */,
			);
			defaultConfigurationIsVisible = 0;
			defaultConfigurationName = Release;
		};
		8EAE24D42282059000F49443 /* Build configuration list for PBXNativeTarget "MSDKSampleAppSwift" */ = {
			isa = XCConfigurationList;
			buildConfigurations = (
				8EAE24D52282059000F49443 /* Debug */,
				8EAE24D62282059000F49443 /* Release */,
			);
			defaultConfigurationIsVisible = 0;
			defaultConfigurationName = Release;
		};
		8EAE24D72282059000F49443 /* Build configuration list for PBXNativeTarget "MSDKSampleAppSwiftTests" */ = {
			isa = XCConfigurationList;
			buildConfigurations = (
				8EAE24D82282059000F49443 /* Debug */,
				8EAE24D92282059000F49443 /* Release */,
			);
			defaultConfigurationIsVisible = 0;
			defaultConfigurationName = Release;
		};
		8EAE24DA2282059000F49443 /* Build configuration list for PBXNativeTarget "MSDKSampleAppSwiftUITests" */ = {
			isa = XCConfigurationList;
			buildConfigurations = (
				8EAE24DB2282059000F49443 /* Debug */,
				8EAE24DC2282059000F49443 /* Release */,
			);
			defaultConfigurationIsVisible = 0;
			defaultConfigurationName = Release;
		};
/* End XCConfigurationList section */
	};
	rootObject = 8EAE24A42282058F00F49443 /* Project object */;
}
