PODS:
  - QRCodeReaderViewController (4.0.2)
  - vcx (0.0.221)

DEPENDENCIES:
  - QRCodeReaderViewController
  - vcx (= 0.0.221)

SPEC REPOS:
  https://gitlab.com/evernym/mobile/mobile-sdk.git:
    - vcx
  trunk:
    - QRCodeReaderViewController

SPEC CHECKSUMS:
  QRCodeReaderViewController: e8f27d035b3e72b1d4b1c61ff66458287e3be0ff
  vcx: 4b8a15d35e7cfe3a714f590f335437128d3d1926

PODFILE CHECKSUM: 8577d5c22b3b8d2d305609aaeced8ed2e1bb65a3

COCOAPODS: 1.10.2
