PODS:
  - QRCodeReaderViewController (4.0.2)
  - vcx (0.0.224)

DEPENDENCIES:
  - QRCodeReaderViewController
  - vcx (= 0.0.224)

SPEC REPOS:
  https://gitlab.com/evernym/mobile/mobile-sdk.git:
    - vcx
  trunk:
    - QRCodeReaderViewController

SPEC CHECKSUMS:
  QRCodeReaderViewController: e8f27d035b3e72b1d4b1c61ff66458287e3be0ff
  vcx: 6c43a07b45969cdd92c8f04872d58859ae45dc4d

PODFILE CHECKSUM: 9d7e4dd928f3be5068d6c9d0f3bb5dc879ee7342

COCOAPODS: 1.11.2
