// !$*UTF8*$!
{
	archiveVersion = 1;
	classes = {
	};
	objectVersion = 51;
	objects = {

/* Begin PBXBuildFile section */
		0FF1767D991DCCE8454FA8E8 /* Pods_MSDKSampleAppObjC.framework in Frameworks */ = {isa = PBXBuildFile; fileRef = AE9657EF8ADEE0833E859C38 /* Pods_MSDKSampleAppObjC.framework */; };
		7327C31BDADA9010CA949DA5 /* Pods_MSDKSampleAppObjCTests.framework in Frameworks */ = {isa = PBXBuildFile; fileRef = D5742C506EE1312F94B963CD /* Pods_MSDKSampleAppObjCTests.framework */; };
		8E509FE62281EFC60098812A /* AppDelegate.m in Sources */ = {isa = PBXBuildFile; fileRef = 8E509FE52281EFC60098812A /* AppDelegate.m */; };
		8E509FE92281EFC60098812A /* HomeViewController.m in Sources */ = {isa = PBXBuildFile; fileRef = 8E509FE82281EFC60098812A /* HomeViewController.m */; };
		8E509FEC2281EFC60098812A /* Main.storyboard in Resources */ = {isa = PBXBuildFile; fileRef = 8E509FEA2281EFC60098812A /* Main.storyboard */; };
		8E509FEE2281EFC80098812A /* Assets.xcassets in Resources */ = {isa = PBXBuildFile; fileRef = 8E509FED2281EFC80098812A /* Assets.xcassets */; };
		8E509FF12281EFC80098812A /* LaunchScreen.storyboard in Resources */ = {isa = PBXBuildFile; fileRef = 8E509FEF2281EFC80098812A /* LaunchScreen.storyboard */; };
		8E509FF42281EFC80098812A /* main.m in Sources */ = {isa = PBXBuildFile; fileRef = 8E509FF32281EFC80098812A /* main.m */; };
		8E509FFE2281EFC80098812A /* MSDKSampleAppObjCTests.m in Sources */ = {isa = PBXBuildFile; fileRef = 8E509FFD2281EFC80098812A /* MSDKSampleAppObjCTests.m */; };
		8E50A0092281EFC80098812A /* MSDKSampleAppObjCUITests.m in Sources */ = {isa = PBXBuildFile; fileRef = 8E50A0082281EFC80098812A /* MSDKSampleAppObjCUITests.m */; };
		D8C81BACE835F53CBDB78577 /* Pods_MSDKSampleAppObjCUITests.framework in Frameworks */ = {isa = PBXBuildFile; fileRef = C666E421905EC0128E39C2B1 /* Pods_MSDKSampleAppObjCUITests.framework */; };
		DD00E0C82685FED50050BC88 /* HistoryViewController.m in Sources */ = {isa = PBXBuildFile; fileRef = DD00E0C72685FED50050BC88 /* HistoryViewController.m */; };
		DD00E107268D931D0050BC88 /* CustomTableViewCell.m in Sources */ = {isa = PBXBuildFile; fileRef = DD00E106268D931D0050BC88 /* CustomTableViewCell.m */; };
		DD4E83A2273281B600797EA9 /* Message.m in Sources */ = {isa = PBXBuildFile; fileRef = DD4E838F273281B600797EA9 /* Message.m */; };
		DD4E83A3273281B600797EA9 /* ProofRequest.m in Sources */ = {isa = PBXBuildFile; fileRef = DD4E8393273281B600797EA9 /* ProofRequest.m */; };
		DD4E83A4273281B600797EA9 /* MobileSDK.m in Sources */ = {isa = PBXBuildFile; fileRef = DD4E8396273281B600797EA9 /* MobileSDK.m */; };
		DD4E83A5273281B600797EA9 /* LocalStorage.m in Sources */ = {isa = PBXBuildFile; fileRef = DD4E8397273281B600797EA9 /* LocalStorage.m */; };
		DD4E83A6273281B600797EA9 /* Utilities.m in Sources */ = {isa = PBXBuildFile; fileRef = DD4E8399273281B600797EA9 /* Utilities.m */; };
		DD4E83A7273281B600797EA9 /* Log.m in Sources */ = {isa = PBXBuildFile; fileRef = DD4E839A273281B600797EA9 /* Log.m */; };
		DD4E83A8273281B600797EA9 /* Connection.m in Sources */ = {isa = PBXBuildFile; fileRef = DD4E839B273281B600797EA9 /* Connection.m */; };
		DD4E83A9273281B600797EA9 /* ProductionPoolTxnGenesis.m in Sources */ = {isa = PBXBuildFile; fileRef = DD4E839E273281B600797EA9 /* ProductionPoolTxnGenesis.m */; };
		DD4E83AA273281B600797EA9 /* Credential.m in Sources */ = {isa = PBXBuildFile; fileRef = DD4E83A0273281B600797EA9 /* Credential.m */; };
		DD4E83AB273281B600797EA9 /* Initialization.m in Sources */ = {isa = PBXBuildFile; fileRef = DD4E83A1273281B600797EA9 /* Initialization.m */; };
		DD4E83B22732E38D00797EA9 /* Config.m in Sources */ = {isa = PBXBuildFile; fileRef = DD4E83B12732E38D00797EA9 /* Config.m */; };
		DD4E83B42733EB7900797EA9 /* ConnectionHandler.m in Sources */ = {isa = PBXBuildFile; fileRef = DD4E83B32733EB7900797EA9 /* ConnectionHandler.m */; };
		DD725BC9273869EB0040CCD6 /* CredentialOffer.m in Sources */ = {isa = PBXBuildFile; fileRef = DD725BC8273869EB0040CCD6 /* CredentialOffer.m */; };
		DD79590B2734256E0014A80D /* ConnectionInvitation.m in Sources */ = {isa = PBXBuildFile; fileRef = DD79590A2734256E0014A80D /* ConnectionInvitation.m */; };
/* End PBXBuildFile section */

/* Begin PBXContainerItemProxy section */
		8E509FFA2281EFC80098812A /* PBXContainerItemProxy */ = {
			isa = PBXContainerItemProxy;
			containerPortal = 8E509FD92281EFC60098812A /* Project object */;
			proxyType = 1;
			remoteGlobalIDString = 8E509FE02281EFC60098812A;
			remoteInfo = MSDKSampleAppObjC;
		};
		8E50A0052281EFC80098812A /* PBXContainerItemProxy */ = {
			isa = PBXContainerItemProxy;
			containerPortal = 8E509FD92281EFC60098812A /* Project object */;
			proxyType = 1;
			remoteGlobalIDString = 8E509FE02281EFC60098812A;
			remoteInfo = MSDKSampleAppObjC;
		};
/* End PBXContainerItemProxy section */

/* Begin PBXFileReference section */
		03CE5DB995118A3579457A37 /* Pods-MSDKSampleAppObjCTests.release.xcconfig */ = {isa = PBXFileReference; includeInIndex = 1; lastKnownFileType = text.xcconfig; name = "Pods-MSDKSampleAppObjCTests.release.xcconfig"; path = "Target Support Files/Pods-MSDKSampleAppObjCTests/Pods-MSDKSampleAppObjCTests.release.xcconfig"; sourceTree = "<group>"; };
		0FB929671AFB09A937A899D6 /* Pods-MSDKSampleAppObjCUITests.release.xcconfig */ = {isa = PBXFileReference; includeInIndex = 1; lastKnownFileType = text.xcconfig; name = "Pods-MSDKSampleAppObjCUITests.release.xcconfig"; path = "Target Support Files/Pods-MSDKSampleAppObjCUITests/Pods-MSDKSampleAppObjCUITests.release.xcconfig"; sourceTree = "<group>"; };
		11ED2A441DF225840FC97EEB /* Pods-MSDKSampleAppObjCUITests.debug.xcconfig */ = {isa = PBXFileReference; includeInIndex = 1; lastKnownFileType = text.xcconfig; name = "Pods-MSDKSampleAppObjCUITests.debug.xcconfig"; path = "Target Support Files/Pods-MSDKSampleAppObjCUITests/Pods-MSDKSampleAppObjCUITests.debug.xcconfig"; sourceTree = "<group>"; };
		8E509FE12281EFC60098812A /* MSDKSampleAppObjC.app */ = {isa = PBXFileReference; explicitFileType = wrapper.application; includeInIndex = 0; path = MSDKSampleAppObjC.app; sourceTree = BUILT_PRODUCTS_DIR; };
		8E509FE42281EFC60098812A /* AppDelegate.h */ = {isa = PBXFileReference; lastKnownFileType = sourcecode.c.h; path = AppDelegate.h; sourceTree = "<group>"; };
		8E509FE52281EFC60098812A /* AppDelegate.m */ = {isa = PBXFileReference; lastKnownFileType = sourcecode.c.objc; path = AppDelegate.m; sourceTree = "<group>"; };
		8E509FE72281EFC60098812A /* HomeViewController.h */ = {isa = PBXFileReference; lastKnownFileType = sourcecode.c.h; path = HomeViewController.h; sourceTree = "<group>"; };
		8E509FE82281EFC60098812A /* HomeViewController.m */ = {isa = PBXFileReference; lastKnownFileType = sourcecode.c.objc; path = HomeViewController.m; sourceTree = "<group>"; };
		8E509FEB2281EFC60098812A /* Base */ = {isa = PBXFileReference; lastKnownFileType = file.storyboard; name = Base; path = Base.lproj/Main.storyboard; sourceTree = "<group>"; };
		8E509FED2281EFC80098812A /* Assets.xcassets */ = {isa = PBXFileReference; lastKnownFileType = folder.assetcatalog; path = Assets.xcassets; sourceTree = "<group>"; };
		8E509FF02281EFC80098812A /* Base */ = {isa = PBXFileReference; lastKnownFileType = file.storyboard; name = Base; path = Base.lproj/LaunchScreen.storyboard; sourceTree = "<group>"; };
		8E509FF22281EFC80098812A /* Info.plist */ = {isa = PBXFileReference; lastKnownFileType = text.plist.xml; path = Info.plist; sourceTree = "<group>"; };
		8E509FF32281EFC80098812A /* main.m */ = {isa = PBXFileReference; lastKnownFileType = sourcecode.c.objc; path = main.m; sourceTree = "<group>"; };
		8E509FF92281EFC80098812A /* MSDKSampleAppObjCTests.xctest */ = {isa = PBXFileReference; explicitFileType = wrapper.cfbundle; includeInIndex = 0; path = MSDKSampleAppObjCTests.xctest; sourceTree = BUILT_PRODUCTS_DIR; };
		8E509FFD2281EFC80098812A /* MSDKSampleAppObjCTests.m */ = {isa = PBXFileReference; lastKnownFileType = sourcecode.c.objc; path = MSDKSampleAppObjCTests.m; sourceTree = "<group>"; };
		8E509FFF2281EFC80098812A /* Info.plist */ = {isa = PBXFileReference; lastKnownFileType = text.plist.xml; path = Info.plist; sourceTree = "<group>"; };
		8E50A0042281EFC80098812A /* MSDKSampleAppObjCUITests.xctest */ = {isa = PBXFileReference; explicitFileType = wrapper.cfbundle; includeInIndex = 0; path = MSDKSampleAppObjCUITests.xctest; sourceTree = BUILT_PRODUCTS_DIR; };
		8E50A0082281EFC80098812A /* MSDKSampleAppObjCUITests.m */ = {isa = PBXFileReference; lastKnownFileType = sourcecode.c.objc; path = MSDKSampleAppObjCUITests.m; sourceTree = "<group>"; };
		8E50A00A2281EFC80098812A /* Info.plist */ = {isa = PBXFileReference; lastKnownFileType = text.plist.xml; path = Info.plist; sourceTree = "<group>"; };
		8EDE89A82281F26300B7300F /* MSDKSampleAppObjC.entitlements */ = {isa = PBXFileReference; lastKnownFileType = text.plist.entitlements; path = MSDKSampleAppObjC.entitlements; sourceTree = "<group>"; };
		AE9657EF8ADEE0833E859C38 /* Pods_MSDKSampleAppObjC.framework */ = {isa = PBXFileReference; explicitFileType = wrapper.framework; includeInIndex = 0; path = Pods_MSDKSampleAppObjC.framework; sourceTree = BUILT_PRODUCTS_DIR; };
		C4850EA380DFD8263724BF66 /* Pods-MSDKSampleAppObjC.debug.xcconfig */ = {isa = PBXFileReference; includeInIndex = 1; lastKnownFileType = text.xcconfig; name = "Pods-MSDKSampleAppObjC.debug.xcconfig"; path = "Target Support Files/Pods-MSDKSampleAppObjC/Pods-MSDKSampleAppObjC.debug.xcconfig"; sourceTree = "<group>"; };
		C666E421905EC0128E39C2B1 /* Pods_MSDKSampleAppObjCUITests.framework */ = {isa = PBXFileReference; explicitFileType = wrapper.framework; includeInIndex = 0; path = Pods_MSDKSampleAppObjCUITests.framework; sourceTree = BUILT_PRODUCTS_DIR; };
		D5742C506EE1312F94B963CD /* Pods_MSDKSampleAppObjCTests.framework */ = {isa = PBXFileReference; explicitFileType = wrapper.framework; includeInIndex = 0; path = Pods_MSDKSampleAppObjCTests.framework; sourceTree = BUILT_PRODUCTS_DIR; };
		DD00E0C72685FED50050BC88 /* HistoryViewController.m */ = {isa = PBXFileReference; lastKnownFileType = sourcecode.c.objc; path = HistoryViewController.m; sourceTree = "<group>"; };
		DD00E0C92685FF090050BC88 /* HistoryViewController.h */ = {isa = PBXFileReference; lastKnownFileType = sourcecode.c.h; path = HistoryViewController.h; sourceTree = "<group>"; };
		DD00E105268D931D0050BC88 /* CustomTableViewCell.h */ = {isa = PBXFileReference; lastKnownFileType = sourcecode.c.h; path = CustomTableViewCell.h; sourceTree = "<group>"; };
		DD00E106268D931D0050BC88 /* CustomTableViewCell.m */ = {isa = PBXFileReference; lastKnownFileType = sourcecode.c.objc; path = CustomTableViewCell.m; sourceTree = "<group>"; };
		DD00E114269457560050BC88 /* MSDKSampleAppObjC-Prefix.pch */ = {isa = PBXFileReference; lastKnownFileType = sourcecode.c.h; path = "MSDKSampleAppObjC-Prefix.pch"; sourceTree = "<group>"; };
		DD1EEF42272C224F000EC21D /* XcodeKit.framework */ = {isa = PBXFileReference; lastKnownFileType = wrapper.framework; name = XcodeKit.framework; path = Library/Frameworks/XcodeKit.framework; sourceTree = DEVELOPER_DIR; };
		DD4E838E273281B600797EA9 /* Message.h */ = {isa = PBXFileReference; fileEncoding = 4; lastKnownFileType = sourcecode.c.h; path = Message.h; sourceTree = "<group>"; };
		DD4E838F273281B600797EA9 /* Message.m */ = {isa = PBXFileReference; fileEncoding = 4; lastKnownFileType = sourcecode.c.objc; path = Message.m; sourceTree = "<group>"; };
		DD4E8390273281B600797EA9 /* Connection.h */ = {isa = PBXFileReference; fileEncoding = 4; lastKnownFileType = sourcecode.c.h; path = Connection.h; sourceTree = "<group>"; };
		DD4E8391273281B600797EA9 /* MobileSDK.h */ = {isa = PBXFileReference; fileEncoding = 4; lastKnownFileType = sourcecode.c.h; path = MobileSDK.h; sourceTree = "<group>"; };
		DD4E8392273281B600797EA9 /* ProductionPoolTxnGenesis.h */ = {isa = PBXFileReference; fileEncoding = 4; lastKnownFileType = sourcecode.c.h; path = ProductionPoolTxnGenesis.h; sourceTree = "<group>"; };
		DD4E8393273281B600797EA9 /* ProofRequest.m */ = {isa = PBXFileReference; fileEncoding = 4; lastKnownFileType = sourcecode.c.objc; path = ProofRequest.m; sourceTree = "<group>"; };
		DD4E8394273281B600797EA9 /* LocalStorage.h */ = {isa = PBXFileReference; fileEncoding = 4; lastKnownFileType = sourcecode.c.h; path = LocalStorage.h; sourceTree = "<group>"; };
		DD4E8395273281B600797EA9 /* ProofRequest.h */ = {isa = PBXFileReference; fileEncoding = 4; lastKnownFileType = sourcecode.c.h; path = ProofRequest.h; sourceTree = "<group>"; };
		DD4E8396273281B600797EA9 /* MobileSDK.m */ = {isa = PBXFileReference; fileEncoding = 4; lastKnownFileType = sourcecode.c.objc; path = MobileSDK.m; sourceTree = "<group>"; };
		DD4E8397273281B600797EA9 /* LocalStorage.m */ = {isa = PBXFileReference; fileEncoding = 4; lastKnownFileType = sourcecode.c.objc; path = LocalStorage.m; sourceTree = "<group>"; };
		DD4E8398273281B600797EA9 /* Log.h */ = {isa = PBXFileReference; fileEncoding = 4; lastKnownFileType = sourcecode.c.h; path = Log.h; sourceTree = "<group>"; };
		DD4E8399273281B600797EA9 /* Utilities.m */ = {isa = PBXFileReference; fileEncoding = 4; lastKnownFileType = sourcecode.c.objc; path = Utilities.m; sourceTree = "<group>"; };
		DD4E839A273281B600797EA9 /* Log.m */ = {isa = PBXFileReference; fileEncoding = 4; lastKnownFileType = sourcecode.c.objc; path = Log.m; sourceTree = "<group>"; };
		DD4E839B273281B600797EA9 /* Connection.m */ = {isa = PBXFileReference; fileEncoding = 4; lastKnownFileType = sourcecode.c.objc; path = Connection.m; sourceTree = "<group>"; };
		DD4E839C273281B600797EA9 /* Utilities.h */ = {isa = PBXFileReference; fileEncoding = 4; lastKnownFileType = sourcecode.c.h; path = Utilities.h; sourceTree = "<group>"; };
		DD4E839D273281B600797EA9 /* Credential.h */ = {isa = PBXFileReference; fileEncoding = 4; lastKnownFileType = sourcecode.c.h; path = Credential.h; sourceTree = "<group>"; };
		DD4E839E273281B600797EA9 /* ProductionPoolTxnGenesis.m */ = {isa = PBXFileReference; fileEncoding = 4; lastKnownFileType = sourcecode.c.objc; path = ProductionPoolTxnGenesis.m; sourceTree = "<group>"; };
		DD4E839F273281B600797EA9 /* Initialization.h */ = {isa = PBXFileReference; fileEncoding = 4; lastKnownFileType = sourcecode.c.h; path = Initialization.h; sourceTree = "<group>"; };
		DD4E83A0273281B600797EA9 /* Credential.m */ = {isa = PBXFileReference; fileEncoding = 4; lastKnownFileType = sourcecode.c.objc; path = Credential.m; sourceTree = "<group>"; };
		DD4E83A1273281B600797EA9 /* Initialization.m */ = {isa = PBXFileReference; fileEncoding = 4; lastKnownFileType = sourcecode.c.objc; path = Initialization.m; sourceTree = "<group>"; };
		DD4E83B02732E37800797EA9 /* Config.h */ = {isa = PBXFileReference; lastKnownFileType = sourcecode.c.h; path = Config.h; sourceTree = "<group>"; };
		DD4E83B12732E38D00797EA9 /* Config.m */ = {isa = PBXFileReference; lastKnownFileType = sourcecode.c.objc; path = Config.m; sourceTree = "<group>"; };
		DD4E83B32733EB7900797EA9 /* ConnectionHandler.m */ = {isa = PBXFileReference; lastKnownFileType = sourcecode.c.objc; path = ConnectionHandler.m; sourceTree = "<group>"; };
		DD4E83B52733EBC400797EA9 /* ConnectionHandler.h */ = {isa = PBXFileReference; lastKnownFileType = sourcecode.c.h; path = ConnectionHandler.h; sourceTree = "<group>"; };
		DD725BC7273869D30040CCD6 /* CredentialOffer.h */ = {isa = PBXFileReference; lastKnownFileType = sourcecode.c.h; path = CredentialOffer.h; sourceTree = "<group>"; };
		DD725BC8273869EB0040CCD6 /* CredentialOffer.m */ = {isa = PBXFileReference; lastKnownFileType = sourcecode.c.objc; path = CredentialOffer.m; sourceTree = "<group>"; };
		DD79590A2734256E0014A80D /* ConnectionInvitation.m */ = {isa = PBXFileReference; lastKnownFileType = sourcecode.c.objc; path = ConnectionInvitation.m; sourceTree = "<group>"; };
		DD79590C2734257C0014A80D /* ConnectionInvitation.h */ = {isa = PBXFileReference; lastKnownFileType = sourcecode.c.h; path = ConnectionInvitation.h; sourceTree = "<group>"; };
		DDFB74F1272C1F9A00BCFD22 /* AVKit.framework */ = {isa = PBXFileReference; lastKnownFileType = wrapper.framework; name = AVKit.framework; path = System/Library/Frameworks/AVKit.framework; sourceTree = SDKROOT; };
		E5875123528C00F109F1C45E /* Pods-MSDKSampleAppObjC.release.xcconfig */ = {isa = PBXFileReference; includeInIndex = 1; lastKnownFileType = text.xcconfig; name = "Pods-MSDKSampleAppObjC.release.xcconfig"; path = "Target Support Files/Pods-MSDKSampleAppObjC/Pods-MSDKSampleAppObjC.release.xcconfig"; sourceTree = "<group>"; };
		FE36C5E6B312C709F06BC4AB /* Pods-MSDKSampleAppObjCTests.debug.xcconfig */ = {isa = PBXFileReference; includeInIndex = 1; lastKnownFileType = text.xcconfig; name = "Pods-MSDKSampleAppObjCTests.debug.xcconfig"; path = "Target Support Files/Pods-MSDKSampleAppObjCTests/Pods-MSDKSampleAppObjCTests.debug.xcconfig"; sourceTree = "<group>"; };
/* End PBXFileReference section */

/* Begin PBXFrameworksBuildPhase section */
		8E509FDE2281EFC60098812A /* Frameworks */ = {
			isa = PBXFrameworksBuildPhase;
			buildActionMask = 2147483647;
			files = (
				0FF1767D991DCCE8454FA8E8 /* Pods_MSDKSampleAppObjC.framework in Frameworks */,
			);
			runOnlyForDeploymentPostprocessing = 0;
		};
		8E509FF62281EFC80098812A /* Frameworks */ = {
			isa = PBXFrameworksBuildPhase;
			buildActionMask = 2147483647;
			files = (
				7327C31BDADA9010CA949DA5 /* Pods_MSDKSampleAppObjCTests.framework in Frameworks */,
			);
			runOnlyForDeploymentPostprocessing = 0;
		};
		8E50A0012281EFC80098812A /* Frameworks */ = {
			isa = PBXFrameworksBuildPhase;
			buildActionMask = 2147483647;
			files = (
				D8C81BACE835F53CBDB78577 /* Pods_MSDKSampleAppObjCUITests.framework in Frameworks */,
			);
			runOnlyForDeploymentPostprocessing = 0;
		};
/* End PBXFrameworksBuildPhase section */

/* Begin PBXGroup section */
		19AD55A22ACF634B9B698890 /* Frameworks */ = {
			isa = PBXGroup;
			children = (
				DD1EEF42272C224F000EC21D /* XcodeKit.framework */,
				DDFB74F1272C1F9A00BCFD22 /* AVKit.framework */,
				AE9657EF8ADEE0833E859C38 /* Pods_MSDKSampleAppObjC.framework */,
				D5742C506EE1312F94B963CD /* Pods_MSDKSampleAppObjCTests.framework */,
				C666E421905EC0128E39C2B1 /* Pods_MSDKSampleAppObjCUITests.framework */,
			);
			name = Frameworks;
			sourceTree = "<group>";
		};
		25FF0FB079ED3BEF643EA72D /* Pods */ = {
			isa = PBXGroup;
			children = (
				C4850EA380DFD8263724BF66 /* Pods-MSDKSampleAppObjC.debug.xcconfig */,
				E5875123528C00F109F1C45E /* Pods-MSDKSampleAppObjC.release.xcconfig */,
				FE36C5E6B312C709F06BC4AB /* Pods-MSDKSampleAppObjCTests.debug.xcconfig */,
				03CE5DB995118A3579457A37 /* Pods-MSDKSampleAppObjCTests.release.xcconfig */,
				11ED2A441DF225840FC97EEB /* Pods-MSDKSampleAppObjCUITests.debug.xcconfig */,
				0FB929671AFB09A937A899D6 /* Pods-MSDKSampleAppObjCUITests.release.xcconfig */,
			);
			path = Pods;
			sourceTree = "<group>";
		};
		8E509FD82281EFC60098812A = {
			isa = PBXGroup;
			children = (
				8E509FE32281EFC60098812A /* MSDKSampleAppObjC */,
				8E509FFC2281EFC80098812A /* MSDKSampleAppObjCTests */,
				8E50A0072281EFC80098812A /* MSDKSampleAppObjCUITests */,
				8E509FE22281EFC60098812A /* Products */,
				25FF0FB079ED3BEF643EA72D /* Pods */,
				19AD55A22ACF634B9B698890 /* Frameworks */,
			);
			sourceTree = "<group>";
		};
		8E509FE22281EFC60098812A /* Products */ = {
			isa = PBXGroup;
			children = (
				8E509FE12281EFC60098812A /* MSDKSampleAppObjC.app */,
				8E509FF92281EFC80098812A /* MSDKSampleAppObjCTests.xctest */,
				8E50A0042281EFC80098812A /* MSDKSampleAppObjCUITests.xctest */,
			);
			name = Products;
			sourceTree = "<group>";
		};
		8E509FE32281EFC60098812A /* MSDKSampleAppObjC */ = {
			isa = PBXGroup;
			children = (
				8E509FE42281EFC60098812A /* AppDelegate.h */,
				8E509FE52281EFC60098812A /* AppDelegate.m */,
				8E509FED2281EFC80098812A /* Assets.xcassets */,
				DD00E105268D931D0050BC88 /* CustomTableViewCell.h */,
				DD00E106268D931D0050BC88 /* CustomTableViewCell.m */,
				DD00E0C92685FF090050BC88 /* HistoryViewController.h */,
				DD00E0C72685FED50050BC88 /* HistoryViewController.m */,
				8E509FE72281EFC60098812A /* HomeViewController.h */,
				8E509FE82281EFC60098812A /* HomeViewController.m */,
				8E509FF22281EFC80098812A /* Info.plist */,
				8E509FEF2281EFC80098812A /* LaunchScreen.storyboard */,
				DD4E838D2732818400797EA9 /* lib */,
				8E509FF32281EFC80098812A /* main.m */,
				8E509FEA2281EFC60098812A /* Main.storyboard */,
				DD00E114269457560050BC88 /* MSDKSampleAppObjC-Prefix.pch */,
				8EDE89A82281F26300B7300F /* MSDKSampleAppObjC.entitlements */,
			);
			path = MSDKSampleAppObjC;
			sourceTree = "<group>";
		};
		8E509FFC2281EFC80098812A /* MSDKSampleAppObjCTests */ = {
			isa = PBXGroup;
			children = (
				8E509FFD2281EFC80098812A /* MSDKSampleAppObjCTests.m */,
				8E509FFF2281EFC80098812A /* Info.plist */,
			);
			path = MSDKSampleAppObjCTests;
			sourceTree = "<group>";
		};
		8E50A0072281EFC80098812A /* MSDKSampleAppObjCUITests */ = {
			isa = PBXGroup;
			children = (
				8E50A0082281EFC80098812A /* MSDKSampleAppObjCUITests.m */,
				8E50A00A2281EFC80098812A /* Info.plist */,
			);
			path = MSDKSampleAppObjCUITests;
			sourceTree = "<group>";
		};
		DD4E838D2732818400797EA9 /* lib */ = {
			isa = PBXGroup;
			children = (
				DD4E83B52733EBC400797EA9 /* ConnectionHandler.h */,
				DD4E83B32733EB7900797EA9 /* ConnectionHandler.m */,
				DD4E83AC2732DE4300797EA9 /* handlers */,
				DD4E83AD2732DF9900797EA9 /* helpers */,
				DD4E83AF2732DFDD00797EA9 /* types */,
				DD4E83AE2732DFBC00797EA9 /* utils */,
			);
			path = lib;
			sourceTree = "<group>";
		};
		DD4E83AC2732DE4300797EA9 /* handlers */ = {
			isa = PBXGroup;
			children = (
				DD4E838E273281B600797EA9 /* Message.h */,
				DD4E838F273281B600797EA9 /* Message.m */,
				DD4E8390273281B600797EA9 /* Connection.h */,
				DD4E839B273281B600797EA9 /* Connection.m */,
				DD4E839D273281B600797EA9 /* Credential.h */,
				DD4E83A0273281B600797EA9 /* Credential.m */,
				DD4E839F273281B600797EA9 /* Initialization.h */,
				DD4E83A1273281B600797EA9 /* Initialization.m */,
				DD4E8395273281B600797EA9 /* ProofRequest.h */,
				DD4E8393273281B600797EA9 /* ProofRequest.m */,
			);
			path = handlers;
			sourceTree = "<group>";
		};
		DD4E83AD2732DF9900797EA9 /* helpers */ = {
			isa = PBXGroup;
			children = (
				DD79590C2734257C0014A80D /* ConnectionInvitation.h */,
				DD79590A2734256E0014A80D /* ConnectionInvitation.m */,
				DD725BC7273869D30040CCD6 /* CredentialOffer.h */,
				DD725BC8273869EB0040CCD6 /* CredentialOffer.m */,
			);
			path = helpers;
			sourceTree = "<group>";
		};
		DD4E83AE2732DFBC00797EA9 /* utils */ = {
			isa = PBXGroup;
			children = (
				DD4E8394273281B600797EA9 /* LocalStorage.h */,
				DD4E8397273281B600797EA9 /* LocalStorage.m */,
				DD4E8398273281B600797EA9 /* Log.h */,
				DD4E839A273281B600797EA9 /* Log.m */,
				DD4E839C273281B600797EA9 /* Utilities.h */,
				DD4E8399273281B600797EA9 /* Utilities.m */,
			);
			path = utils;
			sourceTree = "<group>";
		};
		DD4E83AF2732DFDD00797EA9 /* types */ = {
			isa = PBXGroup;
			children = (
				DD4E83B02732E37800797EA9 /* Config.h */,
				DD4E83B12732E38D00797EA9 /* Config.m */,
				DD4E8391273281B600797EA9 /* MobileSDK.h */,
				DD4E8396273281B600797EA9 /* MobileSDK.m */,
				DD4E8392273281B600797EA9 /* ProductionPoolTxnGenesis.h */,
				DD4E839E273281B600797EA9 /* ProductionPoolTxnGenesis.m */,
			);
			path = types;
			sourceTree = "<group>";
		};
/* End PBXGroup section */

/* Begin PBXNativeTarget section */
		8E509FE02281EFC60098812A /* MSDKSampleAppObjC */ = {
			isa = PBXNativeTarget;
			buildConfigurationList = 8E50A00D2281EFC80098812A /* Build configuration list for PBXNativeTarget "MSDKSampleAppObjC" */;
			buildPhases = (
				68C8ECAF66000970611DC247 /* [CP] Check Pods Manifest.lock */,
				8E509FDD2281EFC60098812A /* Sources */,
				8E509FDE2281EFC60098812A /* Frameworks */,
				8E509FDF2281EFC60098812A /* Resources */,
				186820FB02DEC7390CE6AB33 /* [CP] Embed Pods Frameworks */,
			);
			buildRules = (
			);
			dependencies = (
			);
			name = MSDKSampleAppObjC;
			productName = MSDKSampleAppObjC;
			productReference = 8E509FE12281EFC60098812A /* MSDKSampleAppObjC.app */;
			productType = "com.apple.product-type.application";
		};
		8E509FF82281EFC80098812A /* MSDKSampleAppObjCTests */ = {
			isa = PBXNativeTarget;
			buildConfigurationList = 8E50A0102281EFC80098812A /* Build configuration list for PBXNativeTarget "MSDKSampleAppObjCTests" */;
			buildPhases = (
				AB15DD2D0C05BF42207FE45C /* [CP] Check Pods Manifest.lock */,
				8E509FF52281EFC80098812A /* Sources */,
				8E509FF62281EFC80098812A /* Frameworks */,
				8E509FF72281EFC80098812A /* Resources */,
			);
			buildRules = (
			);
			dependencies = (
				8E509FFB2281EFC80098812A /* PBXTargetDependency */,
			);
			name = MSDKSampleAppObjCTests;
			productName = MSDKSampleAppObjCTests;
			productReference = 8E509FF92281EFC80098812A /* MSDKSampleAppObjCTests.xctest */;
			productType = "com.apple.product-type.bundle.unit-test";
		};
		8E50A0032281EFC80098812A /* MSDKSampleAppObjCUITests */ = {
			isa = PBXNativeTarget;
			buildConfigurationList = 8E50A0132281EFC80098812A /* Build configuration list for PBXNativeTarget "MSDKSampleAppObjCUITests" */;
			buildPhases = (
				87848520CCA8DD7F9D8D2143 /* [CP] Check Pods Manifest.lock */,
				8E50A0002281EFC80098812A /* Sources */,
				8E50A0012281EFC80098812A /* Frameworks */,
				8E50A0022281EFC80098812A /* Resources */,
			);
			buildRules = (
			);
			dependencies = (
				8E50A0062281EFC80098812A /* PBXTargetDependency */,
			);
			name = MSDKSampleAppObjCUITests;
			productName = MSDKSampleAppObjCUITests;
			productReference = 8E50A0042281EFC80098812A /* MSDKSampleAppObjCUITests.xctest */;
			productType = "com.apple.product-type.bundle.ui-testing";
		};
/* End PBXNativeTarget section */

/* Begin PBXProject section */
		8E509FD92281EFC60098812A /* Project object */ = {
			isa = PBXProject;
			attributes = {
				LastUpgradeCheck = 1250;
				ORGANIZATIONNAME = "Norman Jarvis";
				TargetAttributes = {
					8E509FE02281EFC60098812A = {
						CreatedOnToolsVersion = 10.1;
						SystemCapabilities = {
							com.apple.Push = {
								enabled = 1;
							};
						};
					};
					8E509FF82281EFC80098812A = {
						CreatedOnToolsVersion = 10.1;
						TestTargetID = 8E509FE02281EFC60098812A;
					};
					8E50A0032281EFC80098812A = {
						CreatedOnToolsVersion = 10.1;
						TestTargetID = 8E509FE02281EFC60098812A;
					};
				};
			};
			buildConfigurationList = 8E509FDC2281EFC60098812A /* Build configuration list for PBXProject "MSDKSampleAppObjC" */;
			compatibilityVersion = "Xcode 9.3";
			developmentRegion = en;
			hasScannedForEncodings = 0;
			knownRegions = (
				en,
				Base,
			);
			mainGroup = 8E509FD82281EFC60098812A;
			productRefGroup = 8E509FE22281EFC60098812A /* Products */;
			projectDirPath = "";
			projectRoot = "";
			targets = (
				8E509FE02281EFC60098812A /* MSDKSampleAppObjC */,
				8E509FF82281EFC80098812A /* MSDKSampleAppObjCTests */,
				8E50A0032281EFC80098812A /* MSDKSampleAppObjCUITests */,
			);
		};
/* End PBXProject section */

/* Begin PBXResourcesBuildPhase section */
		8E509FDF2281EFC60098812A /* Resources */ = {
			isa = PBXResourcesBuildPhase;
			buildActionMask = 2147483647;
			files = (
				8E509FF12281EFC80098812A /* LaunchScreen.storyboard in Resources */,
				8E509FEE2281EFC80098812A /* Assets.xcassets in Resources */,
				8E509FEC2281EFC60098812A /* Main.storyboard in Resources */,
			);
			runOnlyForDeploymentPostprocessing = 0;
		};
		8E509FF72281EFC80098812A /* Resources */ = {
			isa = PBXResourcesBuildPhase;
			buildActionMask = 2147483647;
			files = (
			);
			runOnlyForDeploymentPostprocessing = 0;
		};
		8E50A0022281EFC80098812A /* Resources */ = {
			isa = PBXResourcesBuildPhase;
			buildActionMask = 2147483647;
			files = (
			);
			runOnlyForDeploymentPostprocessing = 0;
		};
/* End PBXResourcesBuildPhase section */

/* Begin PBXShellScriptBuildPhase section */
		186820FB02DEC7390CE6AB33 /* [CP] Embed Pods Frameworks */ = {
			isa = PBXShellScriptBuildPhase;
			buildActionMask = 2147483647;
			files = (
			);
			inputFileListPaths = (
				"${PODS_ROOT}/Target Support Files/Pods-MSDKSampleAppObjC/Pods-MSDKSampleAppObjC-frameworks-${CONFIGURATION}-input-files.xcfilelist",
			);
			name = "[CP] Embed Pods Frameworks";
			outputFileListPaths = (
				"${PODS_ROOT}/Target Support Files/Pods-MSDKSampleAppObjC/Pods-MSDKSampleAppObjC-frameworks-${CONFIGURATION}-output-files.xcfilelist",
			);
			runOnlyForDeploymentPostprocessing = 0;
			shellPath = /bin/sh;
			shellScript = "\"${PODS_ROOT}/Target Support Files/Pods-MSDKSampleAppObjC/Pods-MSDKSampleAppObjC-frameworks.sh\"\n";
			showEnvVarsInLog = 0;
		};
		68C8ECAF66000970611DC247 /* [CP] Check Pods Manifest.lock */ = {
			isa = PBXShellScriptBuildPhase;
			buildActionMask = 2147483647;
			files = (
			);
			inputFileListPaths = (
			);
			inputPaths = (
				"${PODS_PODFILE_DIR_PATH}/Podfile.lock",
				"${PODS_ROOT}/Manifest.lock",
			);
			name = "[CP] Check Pods Manifest.lock";
			outputFileListPaths = (
			);
			outputPaths = (
				"$(DERIVED_FILE_DIR)/Pods-MSDKSampleAppObjC-checkManifestLockResult.txt",
			);
			runOnlyForDeploymentPostprocessing = 0;
			shellPath = /bin/sh;
			shellScript = "diff \"${PODS_PODFILE_DIR_PATH}/Podfile.lock\" \"${PODS_ROOT}/Manifest.lock\" > /dev/null\nif [ $? != 0 ] ; then\n    # print error to STDERR\n    echo \"error: The sandbox is not in sync with the Podfile.lock. Run 'pod install' or update your CocoaPods installation.\" >&2\n    exit 1\nfi\n# This output is used by Xcode 'outputs' to avoid re-running this script phase.\necho \"SUCCESS\" > \"${SCRIPT_OUTPUT_FILE_0}\"\n";
			showEnvVarsInLog = 0;
		};
		87848520CCA8DD7F9D8D2143 /* [CP] Check Pods Manifest.lock */ = {
			isa = PBXShellScriptBuildPhase;
			buildActionMask = 2147483647;
			files = (
			);
			inputFileListPaths = (
			);
			inputPaths = (
				"${PODS_PODFILE_DIR_PATH}/Podfile.lock",
				"${PODS_ROOT}/Manifest.lock",
			);
			name = "[CP] Check Pods Manifest.lock";
			outputFileListPaths = (
			);
			outputPaths = (
				"$(DERIVED_FILE_DIR)/Pods-MSDKSampleAppObjCUITests-checkManifestLockResult.txt",
			);
			runOnlyForDeploymentPostprocessing = 0;
			shellPath = /bin/sh;
			shellScript = "diff \"${PODS_PODFILE_DIR_PATH}/Podfile.lock\" \"${PODS_ROOT}/Manifest.lock\" > /dev/null\nif [ $? != 0 ] ; then\n    # print error to STDERR\n    echo \"error: The sandbox is not in sync with the Podfile.lock. Run 'pod install' or update your CocoaPods installation.\" >&2\n    exit 1\nfi\n# This output is used by Xcode 'outputs' to avoid re-running this script phase.\necho \"SUCCESS\" > \"${SCRIPT_OUTPUT_FILE_0}\"\n";
			showEnvVarsInLog = 0;
		};
		AB15DD2D0C05BF42207FE45C /* [CP] Check Pods Manifest.lock */ = {
			isa = PBXShellScriptBuildPhase;
			buildActionMask = 2147483647;
			files = (
			);
			inputFileListPaths = (
			);
			inputPaths = (
				"${PODS_PODFILE_DIR_PATH}/Podfile.lock",
				"${PODS_ROOT}/Manifest.lock",
			);
			name = "[CP] Check Pods Manifest.lock";
			outputFileListPaths = (
			);
			outputPaths = (
				"$(DERIVED_FILE_DIR)/Pods-MSDKSampleAppObjCTests-checkManifestLockResult.txt",
			);
			runOnlyForDeploymentPostprocessing = 0;
			shellPath = /bin/sh;
			shellScript = "diff \"${PODS_PODFILE_DIR_PATH}/Podfile.lock\" \"${PODS_ROOT}/Manifest.lock\" > /dev/null\nif [ $? != 0 ] ; then\n    # print error to STDERR\n    echo \"error: The sandbox is not in sync with the Podfile.lock. Run 'pod install' or update your CocoaPods installation.\" >&2\n    exit 1\nfi\n# This output is used by Xcode 'outputs' to avoid re-running this script phase.\necho \"SUCCESS\" > \"${SCRIPT_OUTPUT_FILE_0}\"\n";
			showEnvVarsInLog = 0;
		};
/* End PBXShellScriptBuildPhase section */

/* Begin PBXSourcesBuildPhase section */
		8E509FDD2281EFC60098812A /* Sources */ = {
			isa = PBXSourcesBuildPhase;
			buildActionMask = 2147483647;
			files = (
				DD4E83A3273281B600797EA9 /* ProofRequest.m in Sources */,
				8E509FE92281EFC60098812A /* HomeViewController.m in Sources */,
				DD4E83A4273281B600797EA9 /* MobileSDK.m in Sources */,
				DD725BC9273869EB0040CCD6 /* CredentialOffer.m in Sources */,
				DD4E83A5273281B600797EA9 /* LocalStorage.m in Sources */,
				DD00E0C82685FED50050BC88 /* HistoryViewController.m in Sources */,
				DD4E83A7273281B600797EA9 /* Log.m in Sources */,
				DD4E83A6273281B600797EA9 /* Utilities.m in Sources */,
				DD4E83A9273281B600797EA9 /* ProductionPoolTxnGenesis.m in Sources */,
				DD4E83AB273281B600797EA9 /* Initialization.m in Sources */,
				DD4E83B22732E38D00797EA9 /* Config.m in Sources */,
				DD4E83A2273281B600797EA9 /* Message.m in Sources */,
				DD4E83A8273281B600797EA9 /* Connection.m in Sources */,
				8E509FF42281EFC80098812A /* main.m in Sources */,
				DD00E107268D931D0050BC88 /* CustomTableViewCell.m in Sources */,
				DD79590B2734256E0014A80D /* ConnectionInvitation.m in Sources */,
				DD4E83B42733EB7900797EA9 /* ConnectionHandler.m in Sources */,
				8E509FE62281EFC60098812A /* AppDelegate.m in Sources */,
				DD4E83AA273281B600797EA9 /* Credential.m in Sources */,
			);
			runOnlyForDeploymentPostprocessing = 0;
		};
		8E509FF52281EFC80098812A /* Sources */ = {
			isa = PBXSourcesBuildPhase;
			buildActionMask = 2147483647;
			files = (
				8E509FFE2281EFC80098812A /* MSDKSampleAppObjCTests.m in Sources */,
			);
			runOnlyForDeploymentPostprocessing = 0;
		};
		8E50A0002281EFC80098812A /* Sources */ = {
			isa = PBXSourcesBuildPhase;
			buildActionMask = 2147483647;
			files = (
				8E50A0092281EFC80098812A /* MSDKSampleAppObjCUITests.m in Sources */,
			);
			runOnlyForDeploymentPostprocessing = 0;
		};
/* End PBXSourcesBuildPhase section */

/* Begin PBXTargetDependency section */
		8E509FFB2281EFC80098812A /* PBXTargetDependency */ = {
			isa = PBXTargetDependency;
			target = 8E509FE02281EFC60098812A /* MSDKSampleAppObjC */;
			targetProxy = 8E509FFA2281EFC80098812A /* PBXContainerItemProxy */;
		};
		8E50A0062281EFC80098812A /* PBXTargetDependency */ = {
			isa = PBXTargetDependency;
			target = 8E509FE02281EFC60098812A /* MSDKSampleAppObjC */;
			targetProxy = 8E50A0052281EFC80098812A /* PBXContainerItemProxy */;
		};
/* End PBXTargetDependency section */

/* Begin PBXVariantGroup section */
		8E509FEA2281EFC60098812A /* Main.storyboard */ = {
			isa = PBXVariantGroup;
			children = (
				8E509FEB2281EFC60098812A /* Base */,
			);
			name = Main.storyboard;
			sourceTree = "<group>";
		};
		8E509FEF2281EFC80098812A /* LaunchScreen.storyboard */ = {
			isa = PBXVariantGroup;
			children = (
				8E509FF02281EFC80098812A /* Base */,
			);
			name = LaunchScreen.storyboard;
			sourceTree = "<group>";
		};
/* End PBXVariantGroup section */

/* Begin XCBuildConfiguration section */
		8E50A00B2281EFC80098812A /* Debug */ = {
			isa = XCBuildConfiguration;
			buildSettings = {
				ALWAYS_SEARCH_USER_PATHS = NO;
				CLANG_ANALYZER_NONNULL = YES;
				CLANG_ANALYZER_NUMBER_OBJECT_CONVERSION = YES_AGGRESSIVE;
				CLANG_CXX_LANGUAGE_STANDARD = "gnu++14";
				CLANG_CXX_LIBRARY = "libc++";
				CLANG_ENABLE_MODULES = YES;
				CLANG_ENABLE_OBJC_ARC = NO;
				CLANG_ENABLE_OBJC_WEAK = YES;
				CLANG_WARN_BLOCK_CAPTURE_AUTORELEASING = YES;
				CLANG_WARN_BOOL_CONVERSION = YES;
				CLANG_WARN_COMMA = YES;
				CLANG_WARN_CONSTANT_CONVERSION = YES;
				CLANG_WARN_DEPRECATED_OBJC_IMPLEMENTATIONS = YES;
				CLANG_WARN_DIRECT_OBJC_ISA_USAGE = YES_ERROR;
				CLANG_WARN_DOCUMENTATION_COMMENTS = YES;
				CLANG_WARN_EMPTY_BODY = YES;
				CLANG_WARN_ENUM_CONVERSION = YES;
				CLANG_WARN_INFINITE_RECURSION = YES;
				CLANG_WARN_INT_CONVERSION = YES;
				CLANG_WARN_NON_LITERAL_NULL_CONVERSION = YES;
				CLANG_WARN_OBJC_IMPLICIT_RETAIN_SELF = YES;
				CLANG_WARN_OBJC_LITERAL_CONVERSION = YES;
				CLANG_WARN_OBJC_ROOT_CLASS = YES_ERROR;
				CLANG_WARN_QUOTED_INCLUDE_IN_FRAMEWORK_HEADER = YES;
				CLANG_WARN_RANGE_LOOP_ANALYSIS = YES;
				CLANG_WARN_STRICT_PROTOTYPES = YES;
				CLANG_WARN_SUSPICIOUS_MOVE = YES;
				CLANG_WARN_UNGUARDED_AVAILABILITY = YES_AGGRESSIVE;
				CLANG_WARN_UNREACHABLE_CODE = YES;
				CLANG_WARN__DUPLICATE_METHOD_MATCH = YES;
				CODE_SIGN_IDENTITY = "iPhone Developer";
				COPY_PHASE_STRIP = NO;
				DEBUG_INFORMATION_FORMAT = dwarf;
				ENABLE_STRICT_OBJC_MSGSEND = YES;
				ENABLE_TESTABILITY = YES;
				GCC_C_LANGUAGE_STANDARD = gnu11;
				GCC_DYNAMIC_NO_PIC = NO;
				GCC_NO_COMMON_BLOCKS = YES;
				GCC_OPTIMIZATION_LEVEL = 0;
				GCC_PRECOMPILE_PREFIX_HEADER = NO;
				GCC_PREFIX_HEADER = "";
				GCC_PREPROCESSOR_DEFINITIONS = (
					"DEBUG=1",
					"$(inherited)",
				);
				GCC_WARN_64_TO_32_BIT_CONVERSION = YES;
				GCC_WARN_ABOUT_RETURN_TYPE = YES_ERROR;
				GCC_WARN_UNDECLARED_SELECTOR = YES;
				GCC_WARN_UNINITIALIZED_AUTOS = YES_AGGRESSIVE;
				GCC_WARN_UNUSED_FUNCTION = YES;
				GCC_WARN_UNUSED_VARIABLE = YES;
				IPHONEOS_DEPLOYMENT_TARGET = 12.1;
				MTL_ENABLE_DEBUG_INFO = INCLUDE_SOURCE;
				MTL_FAST_MATH = YES;
				ONLY_ACTIVE_ARCH = YES;
				SDKROOT = iphoneos;
			};
			name = Debug;
		};
		8E50A00C2281EFC80098812A /* Release */ = {
			isa = XCBuildConfiguration;
			buildSettings = {
				ALWAYS_SEARCH_USER_PATHS = NO;
				CLANG_ANALYZER_NONNULL = YES;
				CLANG_ANALYZER_NUMBER_OBJECT_CONVERSION = YES_AGGRESSIVE;
				CLANG_CXX_LANGUAGE_STANDARD = "gnu++14";
				CLANG_CXX_LIBRARY = "libc++";
				CLANG_ENABLE_MODULES = YES;
				CLANG_ENABLE_OBJC_ARC = NO;
				CLANG_ENABLE_OBJC_WEAK = YES;
				CLANG_WARN_BLOCK_CAPTURE_AUTORELEASING = YES;
				CLANG_WARN_BOOL_CONVERSION = YES;
				CLANG_WARN_COMMA = YES;
				CLANG_WARN_CONSTANT_CONVERSION = YES;
				CLANG_WARN_DEPRECATED_OBJC_IMPLEMENTATIONS = YES;
				CLANG_WARN_DIRECT_OBJC_ISA_USAGE = YES_ERROR;
				CLANG_WARN_DOCUMENTATION_COMMENTS = YES;
				CLANG_WARN_EMPTY_BODY = YES;
				CLANG_WARN_ENUM_CONVERSION = YES;
				CLANG_WARN_INFINITE_RECURSION = YES;
				CLANG_WARN_INT_CONVERSION = YES;
				CLANG_WARN_NON_LITERAL_NULL_CONVERSION = YES;
				CLANG_WARN_OBJC_IMPLICIT_RETAIN_SELF = YES;
				CLANG_WARN_OBJC_LITERAL_CONVERSION = YES;
				CLANG_WARN_OBJC_ROOT_CLASS = YES_ERROR;
				CLANG_WARN_QUOTED_INCLUDE_IN_FRAMEWORK_HEADER = YES;
				CLANG_WARN_RANGE_LOOP_ANALYSIS = YES;
				CLANG_WARN_STRICT_PROTOTYPES = YES;
				CLANG_WARN_SUSPICIOUS_MOVE = YES;
				CLANG_WARN_UNGUARDED_AVAILABILITY = YES_AGGRESSIVE;
				CLANG_WARN_UNREACHABLE_CODE = YES;
				CLANG_WARN__DUPLICATE_METHOD_MATCH = YES;
				CODE_SIGN_IDENTITY = "iPhone Developer";
				COPY_PHASE_STRIP = NO;
				DEBUG_INFORMATION_FORMAT = "dwarf-with-dsym";
				ENABLE_NS_ASSERTIONS = NO;
				ENABLE_STRICT_OBJC_MSGSEND = YES;
				GCC_C_LANGUAGE_STANDARD = gnu11;
				GCC_NO_COMMON_BLOCKS = YES;
				GCC_PRECOMPILE_PREFIX_HEADER = NO;
				GCC_PREFIX_HEADER = "";
				GCC_WARN_64_TO_32_BIT_CONVERSION = YES;
				GCC_WARN_ABOUT_RETURN_TYPE = YES_ERROR;
				GCC_WARN_UNDECLARED_SELECTOR = YES;
				GCC_WARN_UNINITIALIZED_AUTOS = YES_AGGRESSIVE;
				GCC_WARN_UNUSED_FUNCTION = YES;
				GCC_WARN_UNUSED_VARIABLE = YES;
				IPHONEOS_DEPLOYMENT_TARGET = 12.1;
				MTL_ENABLE_DEBUG_INFO = NO;
				MTL_FAST_MATH = YES;
				SDKROOT = iphoneos;
				VALIDATE_PRODUCT = YES;
			};
			name = Release;
		};
		8E50A00E2281EFC80098812A /* Debug */ = {
			isa = XCBuildConfiguration;
			baseConfigurationReference = C4850EA380DFD8263724BF66 /* Pods-MSDKSampleAppObjC.debug.xcconfig */;
			buildSettings = {
				ASSETCATALOG_COMPILER_APPICON_NAME = AppIcon;
				CODE_SIGN_ENTITLEMENTS = MSDKSampleAppObjC/MSDKSampleAppObjC.entitlements;
				CODE_SIGN_IDENTITY = "Apple Development";
				CODE_SIGN_STYLE = Automatic;
				DEVELOPMENT_TEAM = ES8QU3D2A4;
				ENABLE_BITCODE = NO;
				GCC_PRECOMPILE_PREFIX_HEADER = YES;
				GCC_PREFIX_HEADER = "MSDKSampleAppObjC/MSDKSampleAppObjC-Prefix.pch";
				HEADER_SEARCH_PATHS = (
					"$(inherited)",
					"\"${PODS_ROOT}/Headers/Public\"",
					"\"${PODS_ROOT}/Headers/Public/Firebase\"",
					"\"${PODS_ROOT}/Headers/Public/FirebaseAnalyticsInterop\"",
					"\"${PODS_ROOT}/Headers/Public/FirebaseCore\"",
					"\"${PODS_ROOT}/Headers/Public/FirebaseMessaging\"",
					"\"${PODS_ROOT}/Headers/Public/GoogleUtilities\"",
					"\"${PODS_ROOT}/Headers/Public/Protobuf\"",
					"\"${PODS_ROOT}/Headers/Public/nanopb\"",
					"$(inherited)",
					"${PODS_ROOT}/Firebase/CoreOnly/Sources",
					"\"../../lib\"",
				);
				INFOPLIST_FILE = MSDKSampleAppObjC/Info.plist;
				IPHONEOS_DEPLOYMENT_TARGET = 12.0;
				LD_RUNPATH_SEARCH_PATHS = (
					"$(inherited)",
					"@executable_path/Frameworks",
				);
				ONLY_ACTIVE_ARCH = YES;
				PRODUCT_BUNDLE_IDENTIFIER = me.connect.sdk.objc.CMeSdkObjc;
				PRODUCT_NAME = "$(TARGET_NAME)";
				PROVISIONING_PROFILE_SPECIFIER = "";
				TARGETED_DEVICE_FAMILY = "1,2";
			};
			name = Debug;
		};
		8E50A00F2281EFC80098812A /* Release */ = {
			isa = XCBuildConfiguration;
			baseConfigurationReference = E5875123528C00F109F1C45E /* Pods-MSDKSampleAppObjC.release.xcconfig */;
			buildSettings = {
				ASSETCATALOG_COMPILER_APPICON_NAME = AppIcon;
				CODE_SIGN_ENTITLEMENTS = MSDKSampleAppObjC/MSDKSampleAppObjC.entitlements;
				CODE_SIGN_IDENTITY = "Apple Development";
				CODE_SIGN_STYLE = Automatic;
				DEVELOPMENT_TEAM = ES8QU3D2A4;
				ENABLE_BITCODE = NO;
				GCC_PRECOMPILE_PREFIX_HEADER = YES;
				GCC_PREFIX_HEADER = "MSDKSampleAppObjC/MSDKSampleAppObjC-Prefix.pch";
				HEADER_SEARCH_PATHS = (
					"$(inherited)",
					"\"${PODS_ROOT}/Headers/Public\"",
					"\"${PODS_ROOT}/Headers/Public/Firebase\"",
					"\"${PODS_ROOT}/Headers/Public/FirebaseAnalyticsInterop\"",
					"\"${PODS_ROOT}/Headers/Public/FirebaseCore\"",
					"\"${PODS_ROOT}/Headers/Public/FirebaseMessaging\"",
					"\"${PODS_ROOT}/Headers/Public/GoogleUtilities\"",
					"\"${PODS_ROOT}/Headers/Public/Protobuf\"",
					"\"${PODS_ROOT}/Headers/Public/nanopb\"",
					"$(inherited)",
					"${PODS_ROOT}/Firebase/CoreOnly/Sources",
					"\"../../lib\"",
				);
				INFOPLIST_FILE = MSDKSampleAppObjC/Info.plist;
				IPHONEOS_DEPLOYMENT_TARGET = 12.0;
				LD_RUNPATH_SEARCH_PATHS = (
					"$(inherited)",
					"@executable_path/Frameworks",
				);
				PRODUCT_BUNDLE_IDENTIFIER = me.connect.sdk.objc.CMeSdkObjc;
				PRODUCT_NAME = "$(TARGET_NAME)";
				PROVISIONING_PROFILE_SPECIFIER = "";
				TARGETED_DEVICE_FAMILY = "1,2";
			};
			name = Release;
		};
		8E50A0112281EFC80098812A /* Debug */ = {
			isa = XCBuildConfiguration;
			baseConfigurationReference = FE36C5E6B312C709F06BC4AB /* Pods-MSDKSampleAppObjCTests.debug.xcconfig */;
			buildSettings = {
				BUNDLE_LOADER = "$(TEST_HOST)";
				CODE_SIGN_STYLE = Automatic;
				DEVELOPMENT_TEAM = ES8QU3D2A4;
				INFOPLIST_FILE = MSDKSampleAppObjCTests/Info.plist;
				LD_RUNPATH_SEARCH_PATHS = (
					"$(inherited)",
					"@executable_path/Frameworks",
					"@loader_path/Frameworks",
				);
				PRODUCT_BUNDLE_IDENTIFIER = me.connect.sdk.objc.CMeSdkObjcTests;
				PRODUCT_NAME = "$(TARGET_NAME)";
				TARGETED_DEVICE_FAMILY = "1,2";
				TEST_HOST = "$(BUILT_PRODUCTS_DIR)/MSDKSampleAppObjC.app/MSDKSampleAppObjC";
			};
			name = Debug;
		};
		8E50A0122281EFC80098812A /* Release */ = {
			isa = XCBuildConfiguration;
			baseConfigurationReference = 03CE5DB995118A3579457A37 /* Pods-MSDKSampleAppObjCTests.release.xcconfig */;
			buildSettings = {
				BUNDLE_LOADER = "$(TEST_HOST)";
				CODE_SIGN_STYLE = Automatic;
				DEVELOPMENT_TEAM = ES8QU3D2A4;
				INFOPLIST_FILE = MSDKSampleAppObjCTests/Info.plist;
				LD_RUNPATH_SEARCH_PATHS = (
					"$(inherited)",
					"@executable_path/Frameworks",
					"@loader_path/Frameworks",
				);
				PRODUCT_BUNDLE_IDENTIFIER = me.connect.sdk.objc.CMeSdkObjcTests;
				PRODUCT_NAME = "$(TARGET_NAME)";
				TARGETED_DEVICE_FAMILY = "1,2";
				TEST_HOST = "$(BUILT_PRODUCTS_DIR)/MSDKSampleAppObjC.app/MSDKSampleAppObjC";
			};
			name = Release;
		};
		8E50A0142281EFC80098812A /* Debug */ = {
			isa = XCBuildConfiguration;
			baseConfigurationReference = 11ED2A441DF225840FC97EEB /* Pods-MSDKSampleAppObjCUITests.debug.xcconfig */;
			buildSettings = {
				CODE_SIGN_STYLE = Automatic;
				DEVELOPMENT_TEAM = ES8QU3D2A4;
				INFOPLIST_FILE = MSDKSampleAppObjCUITests/Info.plist;
				LD_RUNPATH_SEARCH_PATHS = (
					"$(inherited)",
					"@executable_path/Frameworks",
					"@loader_path/Frameworks",
				);
				PRODUCT_BUNDLE_IDENTIFIER = me.connect.sdk.objc.CMeSdkObjcUITests;
				PRODUCT_NAME = "$(TARGET_NAME)";
				TARGETED_DEVICE_FAMILY = "1,2";
				TEST_TARGET_NAME = MSDKSampleAppObjC;
			};
			name = Debug;
		};
		8E50A0152281EFC80098812A /* Release */ = {
			isa = XCBuildConfiguration;
			baseConfigurationReference = 0FB929671AFB09A937A899D6 /* Pods-MSDKSampleAppObjCUITests.release.xcconfig */;
			buildSettings = {
				CODE_SIGN_STYLE = Automatic;
				DEVELOPMENT_TEAM = ES8QU3D2A4;
				INFOPLIST_FILE = MSDKSampleAppObjCUITests/Info.plist;
				LD_RUNPATH_SEARCH_PATHS = (
					"$(inherited)",
					"@executable_path/Frameworks",
					"@loader_path/Frameworks",
				);
				PRODUCT_BUNDLE_IDENTIFIER = me.connect.sdk.objc.CMeSdkObjcUITests;
				PRODUCT_NAME = "$(TARGET_NAME)";
				TARGETED_DEVICE_FAMILY = "1,2";
				TEST_TARGET_NAME = MSDKSampleAppObjC;
			};
			name = Release;
		};
/* End XCBuildConfiguration section */

/* Begin XCConfigurationList section */
		8E509FDC2281EFC60098812A /* Build configuration list for PBXProject "MSDKSampleAppObjC" */ = {
			isa = XCConfigurationList;
			buildConfigurations = (
				8E50A00B2281EFC80098812A /* Debug */,
				8E50A00C2281EFC80098812A /* Release */,
			);
			defaultConfigurationIsVisible = 0;
			defaultConfigurationName = Release;
		};
		8E50A00D2281EFC80098812A /* Build configuration list for PBXNativeTarget "MSDKSampleAppObjC" */ = {
			isa = XCConfigurationList;
			buildConfigurations = (
				8E50A00E2281EFC80098812A /* Debug */,
				8E50A00F2281EFC80098812A /* Release */,
			);
			defaultConfigurationIsVisible = 0;
			defaultConfigurationName = Release;
		};
		8E50A0102281EFC80098812A /* Build configuration list for PBXNativeTarget "MSDKSampleAppObjCTests" */ = {
			isa = XCConfigurationList;
			buildConfigurations = (
				8E50A0112281EFC80098812A /* Debug */,
				8E50A0122281EFC80098812A /* Release */,
			);
			defaultConfigurationIsVisible = 0;
			defaultConfigurationName = Release;
		};
		8E50A0132281EFC80098812A /* Build configuration list for PBXNativeTarget "MSDKSampleAppObjCUITests" */ = {
			isa = XCConfigurationList;
			buildConfigurations = (
				8E50A0142281EFC80098812A /* Debug */,
				8E50A0152281EFC80098812A /* Release */,
			);
			defaultConfigurationIsVisible = 0;
			defaultConfigurationName = Release;
		};
/* End XCConfigurationList section */
	};
	rootObject = 8E509FD92281EFC60098812A /* Project object */;
}
