PODS:
  - QRCodeReader.swift (10.1.0)
  - QRCodeReaderViewController (4.0.2)
  - vcx (0.0.212)

DEPENDENCIES:
  - QRCodeReader.swift (~> 10.1.0)
  - QRCodeReaderViewController
  - vcx (= 0.0.212)

SPEC REPOS:
  "git@gitlab.com:evernym/mobile/mobile-sdk.git":
    - vcx
  trunk:
    - QRCodeReader.swift
    - QRCodeReaderViewController

SPEC CHECKSUMS:
  QRCodeReader.swift: 373a389fe9a22d513c879a32a6f647c58f4ef572
  QRCodeReaderViewController: e8f27d035b3e72b1d4b1c61ff66458287e3be0ff
  vcx: 87c401b118ca5f1044ccc9926edd780913ae9c31

PODFILE CHECKSUM: 6b6b4af0e6e873a262889b7eac1ec00417a80ff8

COCOAPODS: 1.11.2
